// !$*UTF8*$!
{
	archiveVersion = 1;
	classes = {
	};
	objectVersion = 50;
	objects = {

/* Begin PBXBuildFile section */
		0920E69C221DE1820043B119 /* ViewDrinkViewController.swift in Sources */ = {isa = PBXBuildFile; fileRef = 0920E69B221DE1820043B119 /* ViewDrinkViewController.swift */; };
		0920E69E221DF9390043B119 /* UIImageExtension.swift in Sources */ = {isa = PBXBuildFile; fileRef = 0920E69D221DF9390043B119 /* UIImageExtension.swift */; };
		0945BEC82221D29700529E31 /* MilkModel.swift in Sources */ = {isa = PBXBuildFile; fileRef = 0945BEC72221D29700529E31 /* MilkModel.swift */; };
		0945BECA2221D4EF00529E31 /* SyrupModel.swift in Sources */ = {isa = PBXBuildFile; fileRef = 0945BEC92221D4EF00529E31 /* SyrupModel.swift */; };
		0945BECC2221D9D700529E31 /* ExtraModel.swift in Sources */ = {isa = PBXBuildFile; fileRef = 0945BECB2221D9D700529E31 /* ExtraModel.swift */; };
		094A37F9221B2D0E00DB2277 /* ViewBaristaPicksViewController.swift in Sources */ = {isa = PBXBuildFile; fileRef = 094A37F8221B2D0E00DB2277 /* ViewBaristaPicksViewController.swift */; };
		094A37FB221B2DAF00DB2277 /* CreateBaristaPicsViewController.swift in Sources */ = {isa = PBXBuildFile; fileRef = 094A37FA221B2DAF00DB2277 /* CreateBaristaPicsViewController.swift */; };
		094A37FE221B2DEB00DB2277 /* DrinkType.swift in Sources */ = {isa = PBXBuildFile; fileRef = 094A37FD221B2DEB00DB2277 /* DrinkType.swift */; };
		094A3800221B2EBD00DB2277 /* FIRDrinkModel.swift in Sources */ = {isa = PBXBuildFile; fileRef = 094A37FF221B2EBD00DB2277 /* FIRDrinkModel.swift */; };
		094A3802221B331600DB2277 /* FIRNutrientsModel.swift in Sources */ = {isa = PBXBuildFile; fileRef = 094A3801221B331600DB2277 /* FIRNutrientsModel.swift */; };
		094A3804221B374A00DB2277 /* Configurable.swift in Sources */ = {isa = PBXBuildFile; fileRef = 094A3803221B374A00DB2277 /* Configurable.swift */; };
		094A3806221B376F00DB2277 /* UIViewExtension.swift in Sources */ = {isa = PBXBuildFile; fileRef = 094A3805221B376F00DB2277 /* UIViewExtension.swift */; };
		094A3808221B417500DB2277 /* UIColorExtension.swift in Sources */ = {isa = PBXBuildFile; fileRef = 094A3807221B417500DB2277 /* UIColorExtension.swift */; };
		094A380A221B45E800DB2277 /* NutrientsBaristaPicksViewController.swift in Sources */ = {isa = PBXBuildFile; fileRef = 094A3809221B45E800DB2277 /* NutrientsBaristaPicksViewController.swift */; };
		09646CFC22208616007463CB /* CoffeeBaseCell.swift in Sources */ = {isa = PBXBuildFile; fileRef = 09646CFB22208616007463CB /* CoffeeBaseCell.swift */; };
		09646CFE22208641007463CB /* CoffeeBaseModel.swift in Sources */ = {isa = PBXBuildFile; fileRef = 09646CFD22208641007463CB /* CoffeeBaseModel.swift */; };
		09646D002220A440007463CB /* CustomCoffeeParentViewController.swift in Sources */ = {isa = PBXBuildFile; fileRef = 09646CFF2220A440007463CB /* CustomCoffeeParentViewController.swift */; };
		09646D022220A4D9007463CB /* AddedElementsCell.swift in Sources */ = {isa = PBXBuildFile; fileRef = 09646D012220A4D9007463CB /* AddedElementsCell.swift */; };
		09646D042220A684007463CB /* InfoLabel.swift in Sources */ = {isa = PBXBuildFile; fileRef = 09646D032220A684007463CB /* InfoLabel.swift */; };
		09646D072220E992007463CB /* ExtrasCell.swift in Sources */ = {isa = PBXBuildFile; fileRef = 09646D062220E992007463CB /* ExtrasCell.swift */; };
		0964C8D3221C7FCE0011B647 /* Animations.swift in Sources */ = {isa = PBXBuildFile; fileRef = 0964C8D2221C7FCE0011B647 /* Animations.swift */; };
		0964C8D8221CA0E40011B647 /* FirebaseService.swift in Sources */ = {isa = PBXBuildFile; fileRef = 0964C8D7221CA0E40011B647 /* FirebaseService.swift */; };
		0964C8DA221CABE20011B647 /* GoogleService-Info.plist in Resources */ = {isa = PBXBuildFile; fileRef = 0964C8D9221CABE20011B647 /* GoogleService-Info.plist */; };
		09C0AE7622247CBA00DFE033 /* UDKeys.swift in Sources */ = {isa = PBXBuildFile; fileRef = 09C0AE7522247CBA00DFE033 /* UDKeys.swift */; };
		09C0AE7A2224836E00DFE033 /* MilkCell.swift in Sources */ = {isa = PBXBuildFile; fileRef = 09C0AE792224836E00DFE033 /* MilkCell.swift */; };
		09C0AE7C222484B600DFE033 /* SyrupCell.swift in Sources */ = {isa = PBXBuildFile; fileRef = 09C0AE7B222484B600DFE033 /* SyrupCell.swift */; };
		09EBBEC7221BA8DA00FEF1D0 /* StepsBaristPicksViewController.swift in Sources */ = {isa = PBXBuildFile; fileRef = 09EBBEC6221BA8DA00FEF1D0 /* StepsBaristPicksViewController.swift */; };
		0D9D45CD01160D97B044C604 /* Pods_B_Y_O_B.framework in Frameworks */ = {isa = PBXBuildFile; fileRef = DBB17669ABA5227CC94D0152 /* Pods_B_Y_O_B.framework */; };
		A53BB28F2208B51A00F5ADBB /* CustomTabBarController.swift in Sources */ = {isa = PBXBuildFile; fileRef = A53BB28E2208B51A00F5ADBB /* CustomTabBarController.swift */; };
		A53BB2912208B61B00F5ADBB /* BaristaPicks.swift in Sources */ = {isa = PBXBuildFile; fileRef = A53BB2902208B61B00F5ADBB /* BaristaPicks.swift */; };
		A53BB2932208BD2700F5ADBB /* Customize.swift in Sources */ = {isa = PBXBuildFile; fileRef = A53BB2922208BD2700F5ADBB /* Customize.swift */; };
		A53BB2952208D51E00F5ADBB /* Favorites.swift in Sources */ = {isa = PBXBuildFile; fileRef = A53BB2942208D51E00F5ADBB /* Favorites.swift */; };
		A53BB2972208D55600F5ADBB /* AlexMoe.swift in Sources */ = {isa = PBXBuildFile; fileRef = A53BB2962208D55600F5ADBB /* AlexMoe.swift */; };
		A559AE12220BDB6800154375 /* CustomCoffeeBase.swift in Sources */ = {isa = PBXBuildFile; fileRef = A559AE11220BDB6800154375 /* CustomCoffeeBase.swift */; };
		A559AE14220CCC7300154375 /* CustomCoffeeMilks.swift in Sources */ = {isa = PBXBuildFile; fileRef = A559AE13220CCC7300154375 /* CustomCoffeeMilks.swift */; };
		A58109DE2210686D00B9922A /* CustomCoffeeSyrups.swift in Sources */ = {isa = PBXBuildFile; fileRef = A58109DD2210686D00B9922A /* CustomCoffeeSyrups.swift */; };
		A5907433221364A60076E4A0 /* CustomCoffeeExtras.swift in Sources */ = {isa = PBXBuildFile; fileRef = A5907432221364A60076E4A0 /* CustomCoffeeExtras.swift */; };
		A59ED65022012DB8002E1F19 /* AppDelegate.swift in Sources */ = {isa = PBXBuildFile; fileRef = A59ED64F22012DB8002E1F19 /* AppDelegate.swift */; };
		A59ED65722012DBA002E1F19 /* Assets.xcassets in Resources */ = {isa = PBXBuildFile; fileRef = A59ED65622012DBA002E1F19 /* Assets.xcassets */; };
		A59ED65A22012DBA002E1F19 /* LaunchScreen.storyboard in Resources */ = {isa = PBXBuildFile; fileRef = A59ED65822012DBA002E1F19 /* LaunchScreen.storyboard */; };
		A59ED66522012DBA002E1F19 /* B_Y_O_BTests.swift in Sources */ = {isa = PBXBuildFile; fileRef = A59ED66422012DBA002E1F19 /* B_Y_O_BTests.swift */; };
		A59ED67022012DBA002E1F19 /* B_Y_O_BUITests.swift in Sources */ = {isa = PBXBuildFile; fileRef = A59ED66F22012DBA002E1F19 /* B_Y_O_BUITests.swift */; };
/* End PBXBuildFile section */

/* Begin PBXContainerItemProxy section */
		A59ED66122012DBA002E1F19 /* PBXContainerItemProxy */ = {
			isa = PBXContainerItemProxy;
			containerPortal = A59ED64422012DB7002E1F19 /* Project object */;
			proxyType = 1;
			remoteGlobalIDString = A59ED64B22012DB8002E1F19;
			remoteInfo = B.Y.O.B;
		};
		A59ED66C22012DBA002E1F19 /* PBXContainerItemProxy */ = {
			isa = PBXContainerItemProxy;
			containerPortal = A59ED64422012DB7002E1F19 /* Project object */;
			proxyType = 1;
			remoteGlobalIDString = A59ED64B22012DB8002E1F19;
			remoteInfo = B.Y.O.B;
		};
/* End PBXContainerItemProxy section */

/* Begin PBXFileReference section */
		0920E69B221DE1820043B119 /* ViewDrinkViewController.swift */ = {isa = PBXFileReference; lastKnownFileType = sourcecode.swift; path = ViewDrinkViewController.swift; sourceTree = "<group>"; };
		0920E69D221DF9390043B119 /* UIImageExtension.swift */ = {isa = PBXFileReference; lastKnownFileType = sourcecode.swift; path = UIImageExtension.swift; sourceTree = "<group>"; };
		09430F48AD3244D015571F6F /* Pods_B_Y_O_BUITests.framework */ = {isa = PBXFileReference; explicitFileType = wrapper.framework; includeInIndex = 0; path = Pods_B_Y_O_BUITests.framework; sourceTree = BUILT_PRODUCTS_DIR; };
		0945BEC72221D29700529E31 /* MilkModel.swift */ = {isa = PBXFileReference; lastKnownFileType = sourcecode.swift; path = MilkModel.swift; sourceTree = "<group>"; };
		0945BEC92221D4EF00529E31 /* SyrupModel.swift */ = {isa = PBXFileReference; lastKnownFileType = sourcecode.swift; path = SyrupModel.swift; sourceTree = "<group>"; };
		0945BECB2221D9D700529E31 /* ExtraModel.swift */ = {isa = PBXFileReference; lastKnownFileType = sourcecode.swift; path = ExtraModel.swift; sourceTree = "<group>"; };
		094A37F8221B2D0E00DB2277 /* ViewBaristaPicksViewController.swift */ = {isa = PBXFileReference; lastKnownFileType = sourcecode.swift; path = ViewBaristaPicksViewController.swift; sourceTree = "<group>"; };
		094A37FA221B2DAF00DB2277 /* CreateBaristaPicsViewController.swift */ = {isa = PBXFileReference; lastKnownFileType = sourcecode.swift; path = CreateBaristaPicsViewController.swift; sourceTree = "<group>"; };
		094A37FD221B2DEB00DB2277 /* DrinkType.swift */ = {isa = PBXFileReference; lastKnownFileType = sourcecode.swift; path = DrinkType.swift; sourceTree = "<group>"; };
		094A37FF221B2EBD00DB2277 /* FIRDrinkModel.swift */ = {isa = PBXFileReference; lastKnownFileType = sourcecode.swift; path = FIRDrinkModel.swift; sourceTree = "<group>"; };
		094A3801221B331600DB2277 /* FIRNutrientsModel.swift */ = {isa = PBXFileReference; lastKnownFileType = sourcecode.swift; path = FIRNutrientsModel.swift; sourceTree = "<group>"; };
		094A3803221B374A00DB2277 /* Configurable.swift */ = {isa = PBXFileReference; lastKnownFileType = sourcecode.swift; path = Configurable.swift; sourceTree = "<group>"; };
		094A3805221B376F00DB2277 /* UIViewExtension.swift */ = {isa = PBXFileReference; lastKnownFileType = sourcecode.swift; path = UIViewExtension.swift; sourceTree = "<group>"; };
		094A3807221B417500DB2277 /* UIColorExtension.swift */ = {isa = PBXFileReference; lastKnownFileType = sourcecode.swift; path = UIColorExtension.swift; sourceTree = "<group>"; };
		094A3809221B45E800DB2277 /* NutrientsBaristaPicksViewController.swift */ = {isa = PBXFileReference; lastKnownFileType = sourcecode.swift; path = NutrientsBaristaPicksViewController.swift; sourceTree = "<group>"; };
		09646CFB22208616007463CB /* CoffeeBaseCell.swift */ = {isa = PBXFileReference; lastKnownFileType = sourcecode.swift; path = CoffeeBaseCell.swift; sourceTree = "<group>"; };
		09646CFD22208641007463CB /* CoffeeBaseModel.swift */ = {isa = PBXFileReference; lastKnownFileType = sourcecode.swift; path = CoffeeBaseModel.swift; sourceTree = "<group>"; };
		09646CFF2220A440007463CB /* CustomCoffeeParentViewController.swift */ = {isa = PBXFileReference; lastKnownFileType = sourcecode.swift; path = CustomCoffeeParentViewController.swift; sourceTree = "<group>"; };
		09646D012220A4D9007463CB /* AddedElementsCell.swift */ = {isa = PBXFileReference; lastKnownFileType = sourcecode.swift; path = AddedElementsCell.swift; sourceTree = "<group>"; };
		09646D032220A684007463CB /* InfoLabel.swift */ = {isa = PBXFileReference; lastKnownFileType = sourcecode.swift; path = InfoLabel.swift; sourceTree = "<group>"; };
		09646D062220E992007463CB /* ExtrasCell.swift */ = {isa = PBXFileReference; lastKnownFileType = sourcecode.swift; path = ExtrasCell.swift; sourceTree = "<group>"; };
		0964C8D2221C7FCE0011B647 /* Animations.swift */ = {isa = PBXFileReference; lastKnownFileType = sourcecode.swift; path = Animations.swift; sourceTree = "<group>"; };
		0964C8D7221CA0E40011B647 /* FirebaseService.swift */ = {isa = PBXFileReference; lastKnownFileType = sourcecode.swift; path = FirebaseService.swift; sourceTree = "<group>"; };
		0964C8D9221CABE20011B647 /* GoogleService-Info.plist */ = {isa = PBXFileReference; fileEncoding = 4; lastKnownFileType = text.plist.xml; path = "GoogleService-Info.plist"; sourceTree = "<group>"; };
		09C0AE7522247CBA00DFE033 /* UDKeys.swift */ = {isa = PBXFileReference; lastKnownFileType = sourcecode.swift; path = UDKeys.swift; sourceTree = "<group>"; };
		09C0AE792224836E00DFE033 /* MilkCell.swift */ = {isa = PBXFileReference; lastKnownFileType = sourcecode.swift; path = MilkCell.swift; sourceTree = "<group>"; };
		09C0AE7B222484B600DFE033 /* SyrupCell.swift */ = {isa = PBXFileReference; lastKnownFileType = sourcecode.swift; path = SyrupCell.swift; sourceTree = "<group>"; };
		09EBBEC6221BA8DA00FEF1D0 /* StepsBaristPicksViewController.swift */ = {isa = PBXFileReference; lastKnownFileType = sourcecode.swift; path = StepsBaristPicksViewController.swift; sourceTree = "<group>"; };
		482C0349AFACA9CA65A9C8E2 /* Pods-B.Y.O.B.release.xcconfig */ = {isa = PBXFileReference; includeInIndex = 1; lastKnownFileType = text.xcconfig; name = "Pods-B.Y.O.B.release.xcconfig"; path = "Pods/Target Support Files/Pods-B.Y.O.B/Pods-B.Y.O.B.release.xcconfig"; sourceTree = "<group>"; };
		A53BB28E2208B51A00F5ADBB /* CustomTabBarController.swift */ = {isa = PBXFileReference; lastKnownFileType = sourcecode.swift; path = CustomTabBarController.swift; sourceTree = "<group>"; };
		A53BB2902208B61B00F5ADBB /* BaristaPicks.swift */ = {isa = PBXFileReference; lastKnownFileType = sourcecode.swift; path = BaristaPicks.swift; sourceTree = "<group>"; };
		A53BB2922208BD2700F5ADBB /* Customize.swift */ = {isa = PBXFileReference; lastKnownFileType = sourcecode.swift; path = Customize.swift; sourceTree = "<group>"; };
		A53BB2942208D51E00F5ADBB /* Favorites.swift */ = {isa = PBXFileReference; lastKnownFileType = sourcecode.swift; path = Favorites.swift; sourceTree = "<group>"; };
		A53BB2962208D55600F5ADBB /* AlexMoe.swift */ = {isa = PBXFileReference; lastKnownFileType = sourcecode.swift; path = AlexMoe.swift; sourceTree = "<group>"; };
		A559AE11220BDB6800154375 /* CustomCoffeeBase.swift */ = {isa = PBXFileReference; lastKnownFileType = sourcecode.swift; path = CustomCoffeeBase.swift; sourceTree = "<group>"; };
		A559AE13220CCC7300154375 /* CustomCoffeeMilks.swift */ = {isa = PBXFileReference; lastKnownFileType = sourcecode.swift; path = CustomCoffeeMilks.swift; sourceTree = "<group>"; };
		A58109DD2210686D00B9922A /* CustomCoffeeSyrups.swift */ = {isa = PBXFileReference; lastKnownFileType = sourcecode.swift; path = CustomCoffeeSyrups.swift; sourceTree = "<group>"; };
		A5907432221364A60076E4A0 /* CustomCoffeeExtras.swift */ = {isa = PBXFileReference; lastKnownFileType = sourcecode.swift; path = CustomCoffeeExtras.swift; sourceTree = "<group>"; };
		A59ED64C22012DB8002E1F19 /* B.Y.O.B.app */ = {isa = PBXFileReference; explicitFileType = wrapper.application; includeInIndex = 0; path = B.Y.O.B.app; sourceTree = BUILT_PRODUCTS_DIR; };
		A59ED64F22012DB8002E1F19 /* AppDelegate.swift */ = {isa = PBXFileReference; lastKnownFileType = sourcecode.swift; path = AppDelegate.swift; sourceTree = "<group>"; };
		A59ED65622012DBA002E1F19 /* Assets.xcassets */ = {isa = PBXFileReference; lastKnownFileType = folder.assetcatalog; path = Assets.xcassets; sourceTree = "<group>"; };
		A59ED65922012DBA002E1F19 /* Base */ = {isa = PBXFileReference; lastKnownFileType = file.storyboard; name = Base; path = Base.lproj/LaunchScreen.storyboard; sourceTree = "<group>"; };
		A59ED65B22012DBA002E1F19 /* Info.plist */ = {isa = PBXFileReference; lastKnownFileType = text.plist.xml; path = Info.plist; sourceTree = "<group>"; };
		A59ED66022012DBA002E1F19 /* B.Y.O.BTests.xctest */ = {isa = PBXFileReference; explicitFileType = wrapper.cfbundle; includeInIndex = 0; path = B.Y.O.BTests.xctest; sourceTree = BUILT_PRODUCTS_DIR; };
		A59ED66422012DBA002E1F19 /* B_Y_O_BTests.swift */ = {isa = PBXFileReference; lastKnownFileType = sourcecode.swift; path = B_Y_O_BTests.swift; sourceTree = "<group>"; };
		A59ED66622012DBA002E1F19 /* Info.plist */ = {isa = PBXFileReference; lastKnownFileType = text.plist.xml; path = Info.plist; sourceTree = "<group>"; };
		A59ED66B22012DBA002E1F19 /* B.Y.O.BUITests.xctest */ = {isa = PBXFileReference; explicitFileType = wrapper.cfbundle; includeInIndex = 0; path = B.Y.O.BUITests.xctest; sourceTree = BUILT_PRODUCTS_DIR; };
		A59ED66F22012DBA002E1F19 /* B_Y_O_BUITests.swift */ = {isa = PBXFileReference; lastKnownFileType = sourcecode.swift; path = B_Y_O_BUITests.swift; sourceTree = "<group>"; };
		A59ED67122012DBA002E1F19 /* Info.plist */ = {isa = PBXFileReference; lastKnownFileType = text.plist.xml; path = Info.plist; sourceTree = "<group>"; };
		DBB17669ABA5227CC94D0152 /* Pods_B_Y_O_B.framework */ = {isa = PBXFileReference; explicitFileType = wrapper.framework; includeInIndex = 0; path = Pods_B_Y_O_B.framework; sourceTree = BUILT_PRODUCTS_DIR; };
		E534595BE55DD71AFDD4852D /* Pods-B.Y.O.B.debug.xcconfig */ = {isa = PBXFileReference; includeInIndex = 1; lastKnownFileType = text.xcconfig; name = "Pods-B.Y.O.B.debug.xcconfig"; path = "Pods/Target Support Files/Pods-B.Y.O.B/Pods-B.Y.O.B.debug.xcconfig"; sourceTree = "<group>"; };
		FDEBE57E5B0DA32CFF924774 /* Pods_B_Y_O_BTests.framework */ = {isa = PBXFileReference; explicitFileType = wrapper.framework; includeInIndex = 0; path = Pods_B_Y_O_BTests.framework; sourceTree = BUILT_PRODUCTS_DIR; };
/* End PBXFileReference section */

/* Begin PBXFrameworksBuildPhase section */
		A59ED64922012DB8002E1F19 /* Frameworks */ = {
			isa = PBXFrameworksBuildPhase;
			buildActionMask = 2147483647;
			files = (
				0D9D45CD01160D97B044C604 /* Pods_B_Y_O_B.framework in Frameworks */,
			);
			runOnlyForDeploymentPostprocessing = 0;
		};
		A59ED65D22012DBA002E1F19 /* Frameworks */ = {
			isa = PBXFrameworksBuildPhase;
			buildActionMask = 2147483647;
			files = (
			);
			runOnlyForDeploymentPostprocessing = 0;
		};
		A59ED66822012DBA002E1F19 /* Frameworks */ = {
			isa = PBXFrameworksBuildPhase;
			buildActionMask = 2147483647;
			files = (
			);
			runOnlyForDeploymentPostprocessing = 0;
		};
/* End PBXFrameworksBuildPhase section */

/* Begin PBXGroup section */
		094A37F4221B2CAE00DB2277 /* Controller */ = {
			isa = PBXGroup;
			children = (
				094A37F7221B2CE100DB2277 /* Barista Picks VC's */,
				A53BB28E2208B51A00F5ADBB /* CustomTabBarController.swift */,
				A559AE10220BDB4500154375 /* CutomizeMenu VC's */,
				A5EF55552201571D0010F10D /* Tab VC's */,
			);
			path = Controller;
			sourceTree = "<group>";
		};
		094A37F5221B2CB400DB2277 /* Model */ = {
			isa = PBXGroup;
			children = (
				094A3801221B331600DB2277 /* FIRNutrientsModel.swift */,
				094A37FF221B2EBD00DB2277 /* FIRDrinkModel.swift */,
				09646CFD22208641007463CB /* CoffeeBaseModel.swift */,
				0945BEC72221D29700529E31 /* MilkModel.swift */,
				0945BEC92221D4EF00529E31 /* SyrupModel.swift */,
				0945BECB2221D9D700529E31 /* ExtraModel.swift */,
			);
			path = Model;
			sourceTree = "<group>";
		};
		094A37F6221B2CB900DB2277 /* View */ = {
			isa = PBXGroup;
			children = (
				09646D052220A7A4007463CB /* cells */,
				09646D032220A684007463CB /* InfoLabel.swift */,
			);
			path = View;
			sourceTree = "<group>";
		};
		094A37F7221B2CE100DB2277 /* Barista Picks VC's */ = {
			isa = PBXGroup;
			children = (
				094A37F8221B2D0E00DB2277 /* ViewBaristaPicksViewController.swift */,
				094A37FA221B2DAF00DB2277 /* CreateBaristaPicsViewController.swift */,
				094A3809221B45E800DB2277 /* NutrientsBaristaPicksViewController.swift */,
				09EBBEC6221BA8DA00FEF1D0 /* StepsBaristPicksViewController.swift */,
				0920E69B221DE1820043B119 /* ViewDrinkViewController.swift */,
			);
			name = "Barista Picks VC's";
			sourceTree = "<group>";
		};
		094A37FC221B2DDC00DB2277 /* Utils */ = {
			isa = PBXGroup;
			children = (
				094A37FD221B2DEB00DB2277 /* DrinkType.swift */,
				094A3803221B374A00DB2277 /* Configurable.swift */,
				094A3805221B376F00DB2277 /* UIViewExtension.swift */,
				094A3807221B417500DB2277 /* UIColorExtension.swift */,
				0964C8D2221C7FCE0011B647 /* Animations.swift */,
				0920E69D221DF9390043B119 /* UIImageExtension.swift */,
				09C0AE7522247CBA00DFE033 /* UDKeys.swift */,
			);
			path = Utils;
			sourceTree = "<group>";
		};
		09646D052220A7A4007463CB /* cells */ = {
			isa = PBXGroup;
			children = (
				09646CFB22208616007463CB /* CoffeeBaseCell.swift */,
				09646D012220A4D9007463CB /* AddedElementsCell.swift */,
				09646D062220E992007463CB /* ExtrasCell.swift */,
				09C0AE792224836E00DFE033 /* MilkCell.swift */,
				09C0AE7B222484B600DFE033 /* SyrupCell.swift */,
			);
			path = cells;
			sourceTree = "<group>";
		};
		0964C8D6221CA0CA0011B647 /* Database */ = {
			isa = PBXGroup;
			children = (
				0964C8D7221CA0E40011B647 /* FirebaseService.swift */,
			);
			path = Database;
			sourceTree = "<group>";
		};
		25001ACDB448BBE4E23847FF /* Pods */ = {
			isa = PBXGroup;
			children = (
				E534595BE55DD71AFDD4852D /* Pods-B.Y.O.B.debug.xcconfig */,
				482C0349AFACA9CA65A9C8E2 /* Pods-B.Y.O.B.release.xcconfig */,
			);
			name = Pods;
			sourceTree = "<group>";
		};
		5A1C04BE8C6657B4DEFA1B4A /* Frameworks */ = {
			isa = PBXGroup;
			children = (
				DBB17669ABA5227CC94D0152 /* Pods_B_Y_O_B.framework */,
				FDEBE57E5B0DA32CFF924774 /* Pods_B_Y_O_BTests.framework */,
				09430F48AD3244D015571F6F /* Pods_B_Y_O_BUITests.framework */,
			);
			name = Frameworks;
			sourceTree = "<group>";
		};
		A559AE10220BDB4500154375 /* CutomizeMenu VC's */ = {
			isa = PBXGroup;
			children = (
				09646CFF2220A440007463CB /* CustomCoffeeParentViewController.swift */,
				A559AE11220BDB6800154375 /* CustomCoffeeBase.swift */,
				A559AE13220CCC7300154375 /* CustomCoffeeMilks.swift */,
				A58109DD2210686D00B9922A /* CustomCoffeeSyrups.swift */,
				A5907432221364A60076E4A0 /* CustomCoffeeExtras.swift */,
			);
			path = "CutomizeMenu VC's";
			sourceTree = "<group>";
		};
		A59ED64322012DB7002E1F19 = {
			isa = PBXGroup;
			children = (
				A59ED64E22012DB8002E1F19 /* B.Y.O.B */,
				A59ED66322012DBA002E1F19 /* B.Y.O.BTests */,
				A59ED66E22012DBA002E1F19 /* B.Y.O.BUITests */,
				A59ED64D22012DB8002E1F19 /* Products */,
				25001ACDB448BBE4E23847FF /* Pods */,
				5A1C04BE8C6657B4DEFA1B4A /* Frameworks */,
			);
			sourceTree = "<group>";
		};
		A59ED64D22012DB8002E1F19 /* Products */ = {
			isa = PBXGroup;
			children = (
				A59ED64C22012DB8002E1F19 /* B.Y.O.B.app */,
				A59ED66022012DBA002E1F19 /* B.Y.O.BTests.xctest */,
				A59ED66B22012DBA002E1F19 /* B.Y.O.BUITests.xctest */,
			);
			name = Products;
			sourceTree = "<group>";
		};
		A59ED64E22012DB8002E1F19 /* B.Y.O.B */ = {
			isa = PBXGroup;
			children = (
				0964C8D6221CA0CA0011B647 /* Database */,
				094A37FC221B2DDC00DB2277 /* Utils */,
				094A37F5221B2CB400DB2277 /* Model */,
				094A37F6221B2CB900DB2277 /* View */,
				094A37F4221B2CAE00DB2277 /* Controller */,
				A59ED64F22012DB8002E1F19 /* AppDelegate.swift */,
				A59ED65622012DBA002E1F19 /* Assets.xcassets */,
				A59ED65822012DBA002E1F19 /* LaunchScreen.storyboard */,
				A59ED65B22012DBA002E1F19 /* Info.plist */,
				0964C8D9221CABE20011B647 /* GoogleService-Info.plist */,
			);
			path = B.Y.O.B;
			sourceTree = "<group>";
		};
		A59ED66322012DBA002E1F19 /* B.Y.O.BTests */ = {
			isa = PBXGroup;
			children = (
				A59ED66422012DBA002E1F19 /* B_Y_O_BTests.swift */,
				A59ED66622012DBA002E1F19 /* Info.plist */,
			);
			path = B.Y.O.BTests;
			sourceTree = "<group>";
		};
		A59ED66E22012DBA002E1F19 /* B.Y.O.BUITests */ = {
			isa = PBXGroup;
			children = (
				A59ED66F22012DBA002E1F19 /* B_Y_O_BUITests.swift */,
				A59ED67122012DBA002E1F19 /* Info.plist */,
			);
			path = B.Y.O.BUITests;
			sourceTree = "<group>";
		};
		A5EF55552201571D0010F10D /* Tab VC's */ = {
			isa = PBXGroup;
			children = (
				A53BB2902208B61B00F5ADBB /* BaristaPicks.swift */,
				A53BB2922208BD2700F5ADBB /* Customize.swift */,
				A53BB2942208D51E00F5ADBB /* Favorites.swift */,
				A53BB2962208D55600F5ADBB /* AlexMoe.swift */,
			);
			path = "Tab VC's";
			sourceTree = "<group>";
		};
/* End PBXGroup section */

/* Begin PBXNativeTarget section */
		A59ED64B22012DB8002E1F19 /* B.Y.O.B */ = {
			isa = PBXNativeTarget;
			buildConfigurationList = A59ED67422012DBA002E1F19 /* Build configuration list for PBXNativeTarget "B.Y.O.B" */;
			buildPhases = (
				385439608795F677F0F18D1B /* [CP] Check Pods Manifest.lock */,
				A59ED64822012DB8002E1F19 /* Sources */,
				A59ED64922012DB8002E1F19 /* Frameworks */,
				A59ED64A22012DB8002E1F19 /* Resources */,
				1DFA12EB3A7154AF380F8EC8 /* [CP] Embed Pods Frameworks */,
			);
			buildRules = (
			);
			dependencies = (
			);
			name = B.Y.O.B;
			productName = B.Y.O.B;
			productReference = A59ED64C22012DB8002E1F19 /* B.Y.O.B.app */;
			productType = "com.apple.product-type.application";
		};
		A59ED65F22012DBA002E1F19 /* B.Y.O.BTests */ = {
			isa = PBXNativeTarget;
			buildConfigurationList = A59ED67722012DBA002E1F19 /* Build configuration list for PBXNativeTarget "B.Y.O.BTests" */;
			buildPhases = (
				A59ED65C22012DBA002E1F19 /* Sources */,
				A59ED65D22012DBA002E1F19 /* Frameworks */,
				A59ED65E22012DBA002E1F19 /* Resources */,
			);
			buildRules = (
			);
			dependencies = (
				A59ED66222012DBA002E1F19 /* PBXTargetDependency */,
			);
			name = B.Y.O.BTests;
			productName = B.Y.O.BTests;
			productReference = A59ED66022012DBA002E1F19 /* B.Y.O.BTests.xctest */;
			productType = "com.apple.product-type.bundle.unit-test";
		};
		A59ED66A22012DBA002E1F19 /* B.Y.O.BUITests */ = {
			isa = PBXNativeTarget;
			buildConfigurationList = A59ED67A22012DBA002E1F19 /* Build configuration list for PBXNativeTarget "B.Y.O.BUITests" */;
			buildPhases = (
				A59ED66722012DBA002E1F19 /* Sources */,
				A59ED66822012DBA002E1F19 /* Frameworks */,
				A59ED66922012DBA002E1F19 /* Resources */,
			);
			buildRules = (
			);
			dependencies = (
				A59ED66D22012DBA002E1F19 /* PBXTargetDependency */,
			);
			name = B.Y.O.BUITests;
			productName = B.Y.O.BUITests;
			productReference = A59ED66B22012DBA002E1F19 /* B.Y.O.BUITests.xctest */;
			productType = "com.apple.product-type.bundle.ui-testing";
		};
/* End PBXNativeTarget section */

/* Begin PBXProject section */
		A59ED64422012DB7002E1F19 /* Project object */ = {
			isa = PBXProject;
			attributes = {
				LastSwiftUpdateCheck = 1010;
				LastUpgradeCheck = 1010;
				ORGANIZATIONNAME = "Cearley Software";
				TargetAttributes = {
					A59ED64B22012DB8002E1F19 = {
						CreatedOnToolsVersion = 10.1;
					};
					A59ED65F22012DBA002E1F19 = {
						CreatedOnToolsVersion = 10.1;
						TestTargetID = A59ED64B22012DB8002E1F19;
					};
					A59ED66A22012DBA002E1F19 = {
						CreatedOnToolsVersion = 10.1;
						TestTargetID = A59ED64B22012DB8002E1F19;
					};
				};
			};
			buildConfigurationList = A59ED64722012DB7002E1F19 /* Build configuration list for PBXProject "B.Y.O.B" */;
			compatibilityVersion = "Xcode 9.3";
			developmentRegion = en;
			hasScannedForEncodings = 0;
			knownRegions = (
				en,
				Base,
			);
			mainGroup = A59ED64322012DB7002E1F19;
			productRefGroup = A59ED64D22012DB8002E1F19 /* Products */;
			projectDirPath = "";
			projectRoot = "";
			targets = (
				A59ED64B22012DB8002E1F19 /* B.Y.O.B */,
				A59ED65F22012DBA002E1F19 /* B.Y.O.BTests */,
				A59ED66A22012DBA002E1F19 /* B.Y.O.BUITests */,
			);
		};
/* End PBXProject section */

/* Begin PBXResourcesBuildPhase section */
		A59ED64A22012DB8002E1F19 /* Resources */ = {
			isa = PBXResourcesBuildPhase;
			buildActionMask = 2147483647;
			files = (
				A59ED65A22012DBA002E1F19 /* LaunchScreen.storyboard in Resources */,
				0964C8DA221CABE20011B647 /* GoogleService-Info.plist in Resources */,
				A59ED65722012DBA002E1F19 /* Assets.xcassets in Resources */,
			);
			runOnlyForDeploymentPostprocessing = 0;
		};
		A59ED65E22012DBA002E1F19 /* Resources */ = {
			isa = PBXResourcesBuildPhase;
			buildActionMask = 2147483647;
			files = (
			);
			runOnlyForDeploymentPostprocessing = 0;
		};
		A59ED66922012DBA002E1F19 /* Resources */ = {
			isa = PBXResourcesBuildPhase;
			buildActionMask = 2147483647;
			files = (
			);
			runOnlyForDeploymentPostprocessing = 0;
		};
/* End PBXResourcesBuildPhase section */

/* Begin PBXShellScriptBuildPhase section */
		1DFA12EB3A7154AF380F8EC8 /* [CP] Embed Pods Frameworks */ = {
			isa = PBXShellScriptBuildPhase;
			buildActionMask = 2147483647;
			files = (
			);
			inputFileListPaths = (
			);
			inputPaths = (
				"${SRCROOT}/Pods/Target Support Files/Pods-B.Y.O.B/Pods-B.Y.O.B-frameworks.sh",
				"${BUILT_PRODUCTS_DIR}/GTMSessionFetcher/GTMSessionFetcher.framework",
				"${BUILT_PRODUCTS_DIR}/GoogleUtilities/GoogleUtilities.framework",
				"${BUILT_PRODUCTS_DIR}/leveldb-library/leveldb.framework",
				"${BUILT_PRODUCTS_DIR}/nanopb/nanopb.framework",
			);
			name = "[CP] Embed Pods Frameworks";
			outputFileListPaths = (
			);
			outputPaths = (
				"${TARGET_BUILD_DIR}/${FRAMEWORKS_FOLDER_PATH}/GTMSessionFetcher.framework",
				"${TARGET_BUILD_DIR}/${FRAMEWORKS_FOLDER_PATH}/GoogleUtilities.framework",
				"${TARGET_BUILD_DIR}/${FRAMEWORKS_FOLDER_PATH}/leveldb.framework",
				"${TARGET_BUILD_DIR}/${FRAMEWORKS_FOLDER_PATH}/nanopb.framework",
			);
			runOnlyForDeploymentPostprocessing = 0;
			shellPath = /bin/sh;
			shellScript = "\"${SRCROOT}/Pods/Target Support Files/Pods-B.Y.O.B/Pods-B.Y.O.B-frameworks.sh\"\n";
			showEnvVarsInLog = 0;
		};
		385439608795F677F0F18D1B /* [CP] Check Pods Manifest.lock */ = {
			isa = PBXShellScriptBuildPhase;
			buildActionMask = 2147483647;
			files = (
			);
			inputFileListPaths = (
			);
			inputPaths = (
				"${PODS_PODFILE_DIR_PATH}/Podfile.lock",
				"${PODS_ROOT}/Manifest.lock",
			);
			name = "[CP] Check Pods Manifest.lock";
			outputFileListPaths = (
			);
			outputPaths = (
				"$(DERIVED_FILE_DIR)/Pods-B.Y.O.B-checkManifestLockResult.txt",
			);
			runOnlyForDeploymentPostprocessing = 0;
			shellPath = /bin/sh;
			shellScript = "diff \"${PODS_PODFILE_DIR_PATH}/Podfile.lock\" \"${PODS_ROOT}/Manifest.lock\" > /dev/null\nif [ $? != 0 ] ; then\n    # print error to STDERR\n    echo \"error: The sandbox is not in sync with the Podfile.lock. Run 'pod install' or update your CocoaPods installation.\" >&2\n    exit 1\nfi\n# This output is used by Xcode 'outputs' to avoid re-running this script phase.\necho \"SUCCESS\" > \"${SCRIPT_OUTPUT_FILE_0}\"\n";
			showEnvVarsInLog = 0;
		};
/* End PBXShellScriptBuildPhase section */

/* Begin PBXSourcesBuildPhase section */
		A59ED64822012DB8002E1F19 /* Sources */ = {
			isa = PBXSourcesBuildPhase;
			buildActionMask = 2147483647;
			files = (
				094A3802221B331600DB2277 /* FIRNutrientsModel.swift in Sources */,
				09C0AE7622247CBA00DFE033 /* UDKeys.swift in Sources */,
				094A3800221B2EBD00DB2277 /* FIRDrinkModel.swift in Sources */,
				09646D002220A440007463CB /* CustomCoffeeParentViewController.swift in Sources */,
				0964C8D8221CA0E40011B647 /* FirebaseService.swift in Sources */,
				A53BB28F2208B51A00F5ADBB /* CustomTabBarController.swift in Sources */,
				A53BB2932208BD2700F5ADBB /* Customize.swift in Sources */,
				09646D042220A684007463CB /* InfoLabel.swift in Sources */,
				A53BB2912208B61B00F5ADBB /* BaristaPicks.swift in Sources */,
				094A37F9221B2D0E00DB2277 /* ViewBaristaPicksViewController.swift in Sources */,
				A5907433221364A60076E4A0 /* CustomCoffeeExtras.swift in Sources */,
				A53BB2972208D55600F5ADBB /* AlexMoe.swift in Sources */,
				09646CFC22208616007463CB /* CoffeeBaseCell.swift in Sources */,
				09C0AE7C222484B600DFE033 /* SyrupCell.swift in Sources */,
				09646CFE22208641007463CB /* CoffeeBaseModel.swift in Sources */,
				09EBBEC7221BA8DA00FEF1D0 /* StepsBaristPicksViewController.swift in Sources */,
				094A3806221B376F00DB2277 /* UIViewExtension.swift in Sources */,
				A58109DE2210686D00B9922A /* CustomCoffeeSyrups.swift in Sources */,
				094A37FE221B2DEB00DB2277 /* DrinkType.swift in Sources */,
				09646D022220A4D9007463CB /* AddedElementsCell.swift in Sources */,
				09646D072220E992007463CB /* ExtrasCell.swift in Sources */,
				A53BB2952208D51E00F5ADBB /* Favorites.swift in Sources */,
				094A37FB221B2DAF00DB2277 /* CreateBaristaPicsViewController.swift in Sources */,
				094A3808221B417500DB2277 /* UIColorExtension.swift in Sources */,
				A559AE14220CCC7300154375 /* CustomCoffeeMilks.swift in Sources */,
				0945BECC2221D9D700529E31 /* ExtraModel.swift in Sources */,
				A559AE12220BDB6800154375 /* CustomCoffeeBase.swift in Sources */,
				0920E69C221DE1820043B119 /* ViewDrinkViewController.swift in Sources */,
				094A3804221B374A00DB2277 /* Configurable.swift in Sources */,
				09C0AE7A2224836E00DFE033 /* MilkCell.swift in Sources */,
				0945BEC82221D29700529E31 /* MilkModel.swift in Sources */,
				094A380A221B45E800DB2277 /* NutrientsBaristaPicksViewController.swift in Sources */,
				A59ED65022012DB8002E1F19 /* AppDelegate.swift in Sources */,
				0964C8D3221C7FCE0011B647 /* Animations.swift in Sources */,
				0920E69E221DF9390043B119 /* UIImageExtension.swift in Sources */,
				0945BECA2221D4EF00529E31 /* SyrupModel.swift in Sources */,
			);
			runOnlyForDeploymentPostprocessing = 0;
		};
		A59ED65C22012DBA002E1F19 /* Sources */ = {
			isa = PBXSourcesBuildPhase;
			buildActionMask = 2147483647;
			files = (
				A59ED66522012DBA002E1F19 /* B_Y_O_BTests.swift in Sources */,
			);
			runOnlyForDeploymentPostprocessing = 0;
		};
		A59ED66722012DBA002E1F19 /* Sources */ = {
			isa = PBXSourcesBuildPhase;
			buildActionMask = 2147483647;
			files = (
				A59ED67022012DBA002E1F19 /* B_Y_O_BUITests.swift in Sources */,
			);
			runOnlyForDeploymentPostprocessing = 0;
		};
/* End PBXSourcesBuildPhase section */

/* Begin PBXTargetDependency section */
		A59ED66222012DBA002E1F19 /* PBXTargetDependency */ = {
			isa = PBXTargetDependency;
			target = A59ED64B22012DB8002E1F19 /* B.Y.O.B */;
			targetProxy = A59ED66122012DBA002E1F19 /* PBXContainerItemProxy */;
		};
		A59ED66D22012DBA002E1F19 /* PBXTargetDependency */ = {
			isa = PBXTargetDependency;
			target = A59ED64B22012DB8002E1F19 /* B.Y.O.B */;
			targetProxy = A59ED66C22012DBA002E1F19 /* PBXContainerItemProxy */;
		};
/* End PBXTargetDependency section */

/* Begin PBXVariantGroup section */
		A59ED65822012DBA002E1F19 /* LaunchScreen.storyboard */ = {
			isa = PBXVariantGroup;
			children = (
				A59ED65922012DBA002E1F19 /* Base */,
			);
			name = LaunchScreen.storyboard;
			sourceTree = "<group>";
		};
/* End PBXVariantGroup section */

/* Begin XCBuildConfiguration section */
		A59ED67222012DBA002E1F19 /* Debug */ = {
			isa = XCBuildConfiguration;
			buildSettings = {
				ALWAYS_SEARCH_USER_PATHS = NO;
				CLANG_ANALYZER_NONNULL = YES;
				CLANG_ANALYZER_NUMBER_OBJECT_CONVERSION = YES_AGGRESSIVE;
				CLANG_CXX_LANGUAGE_STANDARD = "gnu++14";
				CLANG_CXX_LIBRARY = "libc++";
				CLANG_ENABLE_MODULES = YES;
				CLANG_ENABLE_OBJC_ARC = YES;
				CLANG_ENABLE_OBJC_WEAK = YES;
				CLANG_WARN_BLOCK_CAPTURE_AUTORELEASING = YES;
				CLANG_WARN_BOOL_CONVERSION = YES;
				CLANG_WARN_COMMA = YES;
				CLANG_WARN_CONSTANT_CONVERSION = YES;
				CLANG_WARN_DEPRECATED_OBJC_IMPLEMENTATIONS = YES;
				CLANG_WARN_DIRECT_OBJC_ISA_USAGE = YES_ERROR;
				CLANG_WARN_DOCUMENTATION_COMMENTS = YES;
				CLANG_WARN_EMPTY_BODY = YES;
				CLANG_WARN_ENUM_CONVERSION = YES;
				CLANG_WARN_INFINITE_RECURSION = YES;
				CLANG_WARN_INT_CONVERSION = YES;
				CLANG_WARN_NON_LITERAL_NULL_CONVERSION = YES;
				CLANG_WARN_OBJC_IMPLICIT_RETAIN_SELF = YES;
				CLANG_WARN_OBJC_LITERAL_CONVERSION = YES;
				CLANG_WARN_OBJC_ROOT_CLASS = YES_ERROR;
				CLANG_WARN_RANGE_LOOP_ANALYSIS = YES;
				CLANG_WARN_STRICT_PROTOTYPES = YES;
				CLANG_WARN_SUSPICIOUS_MOVE = YES;
				CLANG_WARN_UNGUARDED_AVAILABILITY = YES_AGGRESSIVE;
				CLANG_WARN_UNREACHABLE_CODE = YES;
				CLANG_WARN__DUPLICATE_METHOD_MATCH = YES;
				CODE_SIGN_IDENTITY = "iPhone Developer";
				COPY_PHASE_STRIP = NO;
				DEBUG_INFORMATION_FORMAT = dwarf;
				ENABLE_STRICT_OBJC_MSGSEND = YES;
				ENABLE_TESTABILITY = YES;
				GCC_C_LANGUAGE_STANDARD = gnu11;
				GCC_DYNAMIC_NO_PIC = NO;
				GCC_NO_COMMON_BLOCKS = YES;
				GCC_OPTIMIZATION_LEVEL = 0;
				GCC_PREPROCESSOR_DEFINITIONS = (
					"DEBUG=1",
					"$(inherited)",
				);
				GCC_WARN_64_TO_32_BIT_CONVERSION = YES;
				GCC_WARN_ABOUT_RETURN_TYPE = YES_ERROR;
				GCC_WARN_UNDECLARED_SELECTOR = YES;
				GCC_WARN_UNINITIALIZED_AUTOS = YES_AGGRESSIVE;
				GCC_WARN_UNUSED_FUNCTION = YES;
				GCC_WARN_UNUSED_VARIABLE = YES;
				IPHONEOS_DEPLOYMENT_TARGET = 12.1;
				MTL_ENABLE_DEBUG_INFO = INCLUDE_SOURCE;
				MTL_FAST_MATH = YES;
				ONLY_ACTIVE_ARCH = YES;
				SDKROOT = iphoneos;
				SWIFT_ACTIVE_COMPILATION_CONDITIONS = DEBUG;
				SWIFT_OPTIMIZATION_LEVEL = "-Onone";
			};
			name = Debug;
		};
		A59ED67322012DBA002E1F19 /* Release */ = {
			isa = XCBuildConfiguration;
			buildSettings = {
				ALWAYS_SEARCH_USER_PATHS = NO;
				CLANG_ANALYZER_NONNULL = YES;
				CLANG_ANALYZER_NUMBER_OBJECT_CONVERSION = YES_AGGRESSIVE;
				CLANG_CXX_LANGUAGE_STANDARD = "gnu++14";
				CLANG_CXX_LIBRARY = "libc++";
				CLANG_ENABLE_MODULES = YES;
				CLANG_ENABLE_OBJC_ARC = YES;
				CLANG_ENABLE_OBJC_WEAK = YES;
				CLANG_WARN_BLOCK_CAPTURE_AUTORELEASING = YES;
				CLANG_WARN_BOOL_CONVERSION = YES;
				CLANG_WARN_COMMA = YES;
				CLANG_WARN_CONSTANT_CONVERSION = YES;
				CLANG_WARN_DEPRECATED_OBJC_IMPLEMENTATIONS = YES;
				CLANG_WARN_DIRECT_OBJC_ISA_USAGE = YES_ERROR;
				CLANG_WARN_DOCUMENTATION_COMMENTS = YES;
				CLANG_WARN_EMPTY_BODY = YES;
				CLANG_WARN_ENUM_CONVERSION = YES;
				CLANG_WARN_INFINITE_RECURSION = YES;
				CLANG_WARN_INT_CONVERSION = YES;
				CLANG_WARN_NON_LITERAL_NULL_CONVERSION = YES;
				CLANG_WARN_OBJC_IMPLICIT_RETAIN_SELF = YES;
				CLANG_WARN_OBJC_LITERAL_CONVERSION = YES;
				CLANG_WARN_OBJC_ROOT_CLASS = YES_ERROR;
				CLANG_WARN_RANGE_LOOP_ANALYSIS = YES;
				CLANG_WARN_STRICT_PROTOTYPES = YES;
				CLANG_WARN_SUSPICIOUS_MOVE = YES;
				CLANG_WARN_UNGUARDED_AVAILABILITY = YES_AGGRESSIVE;
				CLANG_WARN_UNREACHABLE_CODE = YES;
				CLANG_WARN__DUPLICATE_METHOD_MATCH = YES;
				CODE_SIGN_IDENTITY = "iPhone Developer";
				COPY_PHASE_STRIP = NO;
				DEBUG_INFORMATION_FORMAT = "dwarf-with-dsym";
				ENABLE_NS_ASSERTIONS = NO;
				ENABLE_STRICT_OBJC_MSGSEND = YES;
				GCC_C_LANGUAGE_STANDARD = gnu11;
				GCC_NO_COMMON_BLOCKS = YES;
				GCC_WARN_64_TO_32_BIT_CONVERSION = YES;
				GCC_WARN_ABOUT_RETURN_TYPE = YES_ERROR;
				GCC_WARN_UNDECLARED_SELECTOR = YES;
				GCC_WARN_UNINITIALIZED_AUTOS = YES_AGGRESSIVE;
				GCC_WARN_UNUSED_FUNCTION = YES;
				GCC_WARN_UNUSED_VARIABLE = YES;
				IPHONEOS_DEPLOYMENT_TARGET = 12.1;
				MTL_ENABLE_DEBUG_INFO = NO;
				MTL_FAST_MATH = YES;
				SDKROOT = iphoneos;
				SWIFT_COMPILATION_MODE = wholemodule;
				SWIFT_OPTIMIZATION_LEVEL = "-O";
				VALIDATE_PRODUCT = YES;
			};
			name = Release;
		};
		A59ED67522012DBA002E1F19 /* Debug */ = {
			isa = XCBuildConfiguration;
			baseConfigurationReference = E534595BE55DD71AFDD4852D /* Pods-B.Y.O.B.debug.xcconfig */;
			buildSettings = {
				ASSETCATALOG_COMPILER_APPICON_NAME = AppIcon;
				CODE_SIGN_STYLE = Automatic;
				DEVELOPMENT_TEAM = 4BH5KRFJ6A;
				INFOPLIST_FILE = B.Y.O.B/Info.plist;
				IPHONEOS_DEPLOYMENT_TARGET = 11.0;
				LD_RUNPATH_SEARCH_PATHS = (
					"$(inherited)",
					"@executable_path/Frameworks",
				);
				PRODUCT_BUNDLE_IDENTIFIER = CearleyPrograms.BYOB;
				PRODUCT_NAME = "$(TARGET_NAME)";
				SWIFT_VERSION = 4.2;
				TARGETED_DEVICE_FAMILY = 1;
			};
			name = Debug;
		};
		A59ED67622012DBA002E1F19 /* Release */ = {
			isa = XCBuildConfiguration;
			baseConfigurationReference = 482C0349AFACA9CA65A9C8E2 /* Pods-B.Y.O.B.release.xcconfig */;
			buildSettings = {
				ASSETCATALOG_COMPILER_APPICON_NAME = AppIcon;
				CODE_SIGN_STYLE = Automatic;
				DEVELOPMENT_TEAM = 4BH5KRFJ6A;
				INFOPLIST_FILE = B.Y.O.B/Info.plist;
				IPHONEOS_DEPLOYMENT_TARGET = 11.0;
				LD_RUNPATH_SEARCH_PATHS = (
					"$(inherited)",
					"@executable_path/Frameworks",
				);
				PRODUCT_BUNDLE_IDENTIFIER = CearleyPrograms.BYOB;
				PRODUCT_NAME = "$(TARGET_NAME)";
				SWIFT_VERSION = 4.2;
				TARGETED_DEVICE_FAMILY = 1;
			};
			name = Release;
		};
		A59ED67822012DBA002E1F19 /* Debug */ = {
			isa = XCBuildConfiguration;
			buildSettings = {
				ALWAYS_EMBED_SWIFT_STANDARD_LIBRARIES = YES;
				BUNDLE_LOADER = "$(TEST_HOST)";
				CODE_SIGN_STYLE = Automatic;
				DEVELOPMENT_TEAM = 4BH5KRFJ6A;
				INFOPLIST_FILE = B.Y.O.BTests/Info.plist;
				LD_RUNPATH_SEARCH_PATHS = (
					"$(inherited)",
					"@executable_path/Frameworks",
					"@loader_path/Frameworks",
				);
				PRODUCT_BUNDLE_IDENTIFIER = "CearleySoftware.B-Y-O-BTests";
				PRODUCT_NAME = "$(TARGET_NAME)";
				SWIFT_VERSION = 4.2;
				TARGETED_DEVICE_FAMILY = "1,2";
				TEST_HOST = "$(BUILT_PRODUCTS_DIR)/B.Y.O.B.app/B.Y.O.B";
			};
			name = Debug;
		};
		A59ED67922012DBA002E1F19 /* Release */ = {
			isa = XCBuildConfiguration;
			buildSettings = {
				ALWAYS_EMBED_SWIFT_STANDARD_LIBRARIES = YES;
				BUNDLE_LOADER = "$(TEST_HOST)";
				CODE_SIGN_STYLE = Automatic;
				DEVELOPMENT_TEAM = 4BH5KRFJ6A;
				INFOPLIST_FILE = B.Y.O.BTests/Info.plist;
				LD_RUNPATH_SEARCH_PATHS = (
					"$(inherited)",
					"@executable_path/Frameworks",
					"@loader_path/Frameworks",
				);
				PRODUCT_BUNDLE_IDENTIFIER = "CearleySoftware.B-Y-O-BTests";
				PRODUCT_NAME = "$(TARGET_NAME)";
				SWIFT_VERSION = 4.2;
				TARGETED_DEVICE_FAMILY = "1,2";
				TEST_HOST = "$(BUILT_PRODUCTS_DIR)/B.Y.O.B.app/B.Y.O.B";
			};
			name = Release;
		};
		A59ED67B22012DBA002E1F19 /* Debug */ = {
			isa = XCBuildConfiguration;
			buildSettings = {
				ALWAYS_EMBED_SWIFT_STANDARD_LIBRARIES = YES;
				CODE_SIGN_STYLE = Automatic;
				DEVELOPMENT_TEAM = 4BH5KRFJ6A;
				INFOPLIST_FILE = B.Y.O.BUITests/Info.plist;
				LD_RUNPATH_SEARCH_PATHS = (
					"$(inherited)",
					"@executable_path/Frameworks",
					"@loader_path/Frameworks",
				);
				PRODUCT_BUNDLE_IDENTIFIER = "CearleySoftware.B-Y-O-BUITests";
				PRODUCT_NAME = "$(TARGET_NAME)";
				SWIFT_VERSION = 4.2;
				TARGETED_DEVICE_FAMILY = "1,2";
				TEST_TARGET_NAME = B.Y.O.B;
			};
			name = Debug;
		};
		A59ED67C22012DBA002E1F19 /* Release */ = {
			isa = XCBuildConfiguration;
			buildSettings = {
				ALWAYS_EMBED_SWIFT_STANDARD_LIBRARIES = YES;
				CODE_SIGN_STYLE = Automatic;
				DEVELOPMENT_TEAM = 4BH5KRFJ6A;
				INFOPLIST_FILE = B.Y.O.BUITests/Info.plist;
				LD_RUNPATH_SEARCH_PATHS = (
					"$(inherited)",
					"@executable_path/Frameworks",
					"@loader_path/Frameworks",
				);
				PRODUCT_BUNDLE_IDENTIFIER = "CearleySoftware.B-Y-O-BUITests";
				PRODUCT_NAME = "$(TARGET_NAME)";
				SWIFT_VERSION = 4.2;
				TARGETED_DEVICE_FAMILY = "1,2";
				TEST_TARGET_NAME = B.Y.O.B;
			};
			name = Release;
		};
/* End XCBuildConfiguration section */

/* Begin XCConfigurationList section */
		A59ED64722012DB7002E1F19 /* Build configuration list for PBXProject "B.Y.O.B" */ = {
			isa = XCConfigurationList;
			buildConfigurations = (
				A59ED67222012DBA002E1F19 /* Debug */,
				A59ED67322012DBA002E1F19 /* Release */,
			);
			defaultConfigurationIsVisible = 0;
			defaultConfigurationName = Release;
		};
		A59ED67422012DBA002E1F19 /* Build configuration list for PBXNativeTarget "B.Y.O.B" */ = {
			isa = XCConfigurationList;
			buildConfigurations = (
				A59ED67522012DBA002E1F19 /* Debug */,
				A59ED67622012DBA002E1F19 /* Release */,
			);
			defaultConfigurationIsVisible = 0;
			defaultConfigurationName = Release;
		};
		A59ED67722012DBA002E1F19 /* Build configuration list for PBXNativeTarget "B.Y.O.BTests" */ = {
			isa = XCConfigurationList;
			buildConfigurations = (
				A59ED67822012DBA002E1F19 /* Debug */,
				A59ED67922012DBA002E1F19 /* Release */,
			);
			defaultConfigurationIsVisible = 0;
			defaultConfigurationName = Release;
		};
		A59ED67A22012DBA002E1F19 /* Build configuration list for PBXNativeTarget "B.Y.O.BUITests" */ = {
			isa = XCConfigurationList;
			buildConfigurations = (
				A59ED67B22012DBA002E1F19 /* Debug */,
				A59ED67C22012DBA002E1F19 /* Release */,
			);
			defaultConfigurationIsVisible = 0;
			defaultConfigurationName = Release;
		};
/* End XCConfigurationList section */
	};
	rootObject = A59ED64422012DB7002E1F19 /* Project object */;
}
