// !$*UTF8*$!
{
	archiveVersion = 1;
	classes = {
	};
	objectVersion = 50;
	objects = {

/* Begin PBXBuildFile section */
		A53BB28F2208B51A00F5ADBB /* CustomTabBarController.swift in Sources */ = {isa = PBXBuildFile; fileRef = A53BB28E2208B51A00F5ADBB /* CustomTabBarController.swift */; };
		A53BB2912208B61B00F5ADBB /* BaristaPicks.swift in Sources */ = {isa = PBXBuildFile; fileRef = A53BB2902208B61B00F5ADBB /* BaristaPicks.swift */; };
		A53BB2932208BD2700F5ADBB /* Customize.swift in Sources */ = {isa = PBXBuildFile; fileRef = A53BB2922208BD2700F5ADBB /* Customize.swift */; };
		A53BB2952208D51E00F5ADBB /* Favorites.swift in Sources */ = {isa = PBXBuildFile; fileRef = A53BB2942208D51E00F5ADBB /* Favorites.swift */; };
		A53BB2972208D55600F5ADBB /* AlexMoe.swift in Sources */ = {isa = PBXBuildFile; fileRef = A53BB2962208D55600F5ADBB /* AlexMoe.swift */; };
		A559AE12220BDB6800154375 /* CustomCoffeeBase.swift in Sources */ = {isa = PBXBuildFile; fileRef = A559AE11220BDB6800154375 /* CustomCoffeeBase.swift */; };
		A559AE14220CCC7300154375 /* CustomCoffeeMilks.swift in Sources */ = {isa = PBXBuildFile; fileRef = A559AE13220CCC7300154375 /* CustomCoffeeMilks.swift */; };
		A58109DE2210686D00B9922A /* CustomCoffeeSyrups.swift in Sources */ = {isa = PBXBuildFile; fileRef = A58109DD2210686D00B9922A /* CustomCoffeeSyrups.swift */; };
		A5907433221364A60076E4A0 /* CustomCoffeeExtras.swift in Sources */ = {isa = PBXBuildFile; fileRef = A5907432221364A60076E4A0 /* CustomCoffeeExtras.swift */; };
		A59074362214E8770076E4A0 /* HotDrinksMenu.swift in Sources */ = {isa = PBXBuildFile; fileRef = A59074352214E8770076E4A0 /* HotDrinksMenu.swift */; };
		A59074382214E8870076E4A0 /* IcedDrinksMenu.swift in Sources */ = {isa = PBXBuildFile; fileRef = A59074372214E8870076E4A0 /* IcedDrinksMenu.swift */; };
		A590743A2214E8920076E4A0 /* TeasMenu.swift in Sources */ = {isa = PBXBuildFile; fileRef = A59074392214E8920076E4A0 /* TeasMenu.swift */; };
		A590743D22159EBF0076E4A0 /* HotMocha.swift in Sources */ = {isa = PBXBuildFile; fileRef = A590743C22159EBF0076E4A0 /* HotMocha.swift */; };
		A590743F22159ECF0076E4A0 /* HotSaltedCarramelMocha.swift in Sources */ = {isa = PBXBuildFile; fileRef = A590743E22159ECF0076E4A0 /* HotSaltedCarramelMocha.swift */; };
		A5907442221619D80076E4A0 /* FrenchVanillaColdBrew.swift in Sources */ = {isa = PBXBuildFile; fileRef = A5907441221619D80076E4A0 /* FrenchVanillaColdBrew.swift */; };
		A5907444221619E50076E4A0 /* BlackAndWhiteMocha.swift in Sources */ = {isa = PBXBuildFile; fileRef = A5907443221619E50076E4A0 /* BlackAndWhiteMocha.swift */; };
		A5907446221619EF0076E4A0 /* WhiteMocha.swift in Sources */ = {isa = PBXBuildFile; fileRef = A5907445221619EF0076E4A0 /* WhiteMocha.swift */; };
		A590744822161A020076E4A0 /* IcedCaramelMacchiato.swift in Sources */ = {isa = PBXBuildFile; fileRef = A590744722161A020076E4A0 /* IcedCaramelMacchiato.swift */; };
		A590744A22161A120076E4A0 /* DoubleShotOnIce.swift in Sources */ = {isa = PBXBuildFile; fileRef = A590744922161A120076E4A0 /* DoubleShotOnIce.swift */; };
		A590744C22161A2A0076E4A0 /* IcedPeppermintMocha.swift in Sources */ = {isa = PBXBuildFile; fileRef = A590744B22161A2A0076E4A0 /* IcedPeppermintMocha.swift */; };
		A590744E22161A370076E4A0 /* IcedCaramelCocoa.swift in Sources */ = {isa = PBXBuildFile; fileRef = A590744D22161A370076E4A0 /* IcedCaramelCocoa.swift */; };
		A59074512216F47D0076E4A0 /* PinkDrink.swift in Sources */ = {isa = PBXBuildFile; fileRef = A59074502216F47D0076E4A0 /* PinkDrink.swift */; };
		A59074532216F48C0076E4A0 /* GreenTeaLatte.swift in Sources */ = {isa = PBXBuildFile; fileRef = A59074522216F48C0076E4A0 /* GreenTeaLatte.swift */; };
		A59ED65022012DB8002E1F19 /* AppDelegate.swift in Sources */ = {isa = PBXBuildFile; fileRef = A59ED64F22012DB8002E1F19 /* AppDelegate.swift */; };
		A59ED65722012DBA002E1F19 /* Assets.xcassets in Resources */ = {isa = PBXBuildFile; fileRef = A59ED65622012DBA002E1F19 /* Assets.xcassets */; };
		A59ED65A22012DBA002E1F19 /* LaunchScreen.storyboard in Resources */ = {isa = PBXBuildFile; fileRef = A59ED65822012DBA002E1F19 /* LaunchScreen.storyboard */; };
		A59ED66522012DBA002E1F19 /* B_Y_O_BTests.swift in Sources */ = {isa = PBXBuildFile; fileRef = A59ED66422012DBA002E1F19 /* B_Y_O_BTests.swift */; };
		A59ED67022012DBA002E1F19 /* B_Y_O_BUITests.swift in Sources */ = {isa = PBXBuildFile; fileRef = A59ED66F22012DBA002E1F19 /* B_Y_O_BUITests.swift */; };
/* End PBXBuildFile section */

/* Begin PBXContainerItemProxy section */
		A59ED66122012DBA002E1F19 /* PBXContainerItemProxy */ = {
			isa = PBXContainerItemProxy;
			containerPortal = A59ED64422012DB7002E1F19 /* Project object */;
			proxyType = 1;
			remoteGlobalIDString = A59ED64B22012DB8002E1F19;
			remoteInfo = B.Y.O.B;
		};
		A59ED66C22012DBA002E1F19 /* PBXContainerItemProxy */ = {
			isa = PBXContainerItemProxy;
			containerPortal = A59ED64422012DB7002E1F19 /* Project object */;
			proxyType = 1;
			remoteGlobalIDString = A59ED64B22012DB8002E1F19;
			remoteInfo = B.Y.O.B;
		};
/* End PBXContainerItemProxy section */

/* Begin PBXFileReference section */
		A53BB28E2208B51A00F5ADBB /* CustomTabBarController.swift */ = {isa = PBXFileReference; lastKnownFileType = sourcecode.swift; path = CustomTabBarController.swift; sourceTree = "<group>"; };
		A53BB2902208B61B00F5ADBB /* BaristaPicks.swift */ = {isa = PBXFileReference; lastKnownFileType = sourcecode.swift; path = BaristaPicks.swift; sourceTree = "<group>"; };
		A53BB2922208BD2700F5ADBB /* Customize.swift */ = {isa = PBXFileReference; lastKnownFileType = sourcecode.swift; path = Customize.swift; sourceTree = "<group>"; };
		A53BB2942208D51E00F5ADBB /* Favorites.swift */ = {isa = PBXFileReference; lastKnownFileType = sourcecode.swift; path = Favorites.swift; sourceTree = "<group>"; };
		A53BB2962208D55600F5ADBB /* AlexMoe.swift */ = {isa = PBXFileReference; lastKnownFileType = sourcecode.swift; path = AlexMoe.swift; sourceTree = "<group>"; };
		A559AE11220BDB6800154375 /* CustomCoffeeBase.swift */ = {isa = PBXFileReference; lastKnownFileType = sourcecode.swift; path = CustomCoffeeBase.swift; sourceTree = "<group>"; };
		A559AE13220CCC7300154375 /* CustomCoffeeMilks.swift */ = {isa = PBXFileReference; lastKnownFileType = sourcecode.swift; path = CustomCoffeeMilks.swift; sourceTree = "<group>"; };
		A58109DD2210686D00B9922A /* CustomCoffeeSyrups.swift */ = {isa = PBXFileReference; lastKnownFileType = sourcecode.swift; path = CustomCoffeeSyrups.swift; sourceTree = "<group>"; };
		A5907432221364A60076E4A0 /* CustomCoffeeExtras.swift */ = {isa = PBXFileReference; lastKnownFileType = sourcecode.swift; path = CustomCoffeeExtras.swift; sourceTree = "<group>"; };
		A59074352214E8770076E4A0 /* HotDrinksMenu.swift */ = {isa = PBXFileReference; lastKnownFileType = sourcecode.swift; path = HotDrinksMenu.swift; sourceTree = "<group>"; };
		A59074372214E8870076E4A0 /* IcedDrinksMenu.swift */ = {isa = PBXFileReference; lastKnownFileType = sourcecode.swift; path = IcedDrinksMenu.swift; sourceTree = "<group>"; };
		A59074392214E8920076E4A0 /* TeasMenu.swift */ = {isa = PBXFileReference; lastKnownFileType = sourcecode.swift; path = TeasMenu.swift; sourceTree = "<group>"; };
		A590743C22159EBF0076E4A0 /* HotMocha.swift */ = {isa = PBXFileReference; lastKnownFileType = sourcecode.swift; path = HotMocha.swift; sourceTree = "<group>"; };
		A590743E22159ECF0076E4A0 /* HotSaltedCarramelMocha.swift */ = {isa = PBXFileReference; lastKnownFileType = sourcecode.swift; path = HotSaltedCarramelMocha.swift; sourceTree = "<group>"; };
		A5907441221619D80076E4A0 /* FrenchVanillaColdBrew.swift */ = {isa = PBXFileReference; lastKnownFileType = sourcecode.swift; path = FrenchVanillaColdBrew.swift; sourceTree = "<group>"; };
		A5907443221619E50076E4A0 /* BlackAndWhiteMocha.swift */ = {isa = PBXFileReference; lastKnownFileType = sourcecode.swift; path = BlackAndWhiteMocha.swift; sourceTree = "<group>"; };
		A5907445221619EF0076E4A0 /* WhiteMocha.swift */ = {isa = PBXFileReference; lastKnownFileType = sourcecode.swift; path = WhiteMocha.swift; sourceTree = "<group>"; };
		A590744722161A020076E4A0 /* IcedCaramelMacchiato.swift */ = {isa = PBXFileReference; lastKnownFileType = sourcecode.swift; path = IcedCaramelMacchiato.swift; sourceTree = "<group>"; };
		A590744922161A120076E4A0 /* DoubleShotOnIce.swift */ = {isa = PBXFileReference; lastKnownFileType = sourcecode.swift; path = DoubleShotOnIce.swift; sourceTree = "<group>"; };
		A590744B22161A2A0076E4A0 /* IcedPeppermintMocha.swift */ = {isa = PBXFileReference; lastKnownFileType = sourcecode.swift; path = IcedPeppermintMocha.swift; sourceTree = "<group>"; };
		A590744D22161A370076E4A0 /* IcedCaramelCocoa.swift */ = {isa = PBXFileReference; lastKnownFileType = sourcecode.swift; path = IcedCaramelCocoa.swift; sourceTree = "<group>"; };
		A59074502216F47D0076E4A0 /* PinkDrink.swift */ = {isa = PBXFileReference; lastKnownFileType = sourcecode.swift; path = PinkDrink.swift; sourceTree = "<group>"; };
		A59074522216F48C0076E4A0 /* GreenTeaLatte.swift */ = {isa = PBXFileReference; lastKnownFileType = sourcecode.swift; path = GreenTeaLatte.swift; sourceTree = "<group>"; };
		A59ED64C22012DB8002E1F19 /* B.Y.O.B.app */ = {isa = PBXFileReference; explicitFileType = wrapper.application; includeInIndex = 0; path = B.Y.O.B.app; sourceTree = BUILT_PRODUCTS_DIR; };
		A59ED64F22012DB8002E1F19 /* AppDelegate.swift */ = {isa = PBXFileReference; lastKnownFileType = sourcecode.swift; path = AppDelegate.swift; sourceTree = "<group>"; };
		A59ED65622012DBA002E1F19 /* Assets.xcassets */ = {isa = PBXFileReference; lastKnownFileType = folder.assetcatalog; path = Assets.xcassets; sourceTree = "<group>"; };
		A59ED65922012DBA002E1F19 /* Base */ = {isa = PBXFileReference; lastKnownFileType = file.storyboard; name = Base; path = Base.lproj/LaunchScreen.storyboard; sourceTree = "<group>"; };
		A59ED65B22012DBA002E1F19 /* Info.plist */ = {isa = PBXFileReference; lastKnownFileType = text.plist.xml; path = Info.plist; sourceTree = "<group>"; };
		A59ED66022012DBA002E1F19 /* B.Y.O.BTests.xctest */ = {isa = PBXFileReference; explicitFileType = wrapper.cfbundle; includeInIndex = 0; path = B.Y.O.BTests.xctest; sourceTree = BUILT_PRODUCTS_DIR; };
		A59ED66422012DBA002E1F19 /* B_Y_O_BTests.swift */ = {isa = PBXFileReference; lastKnownFileType = sourcecode.swift; path = B_Y_O_BTests.swift; sourceTree = "<group>"; };
		A59ED66622012DBA002E1F19 /* Info.plist */ = {isa = PBXFileReference; lastKnownFileType = text.plist.xml; path = Info.plist; sourceTree = "<group>"; };
		A59ED66B22012DBA002E1F19 /* B.Y.O.BUITests.xctest */ = {isa = PBXFileReference; explicitFileType = wrapper.cfbundle; includeInIndex = 0; path = B.Y.O.BUITests.xctest; sourceTree = BUILT_PRODUCTS_DIR; };
		A59ED66F22012DBA002E1F19 /* B_Y_O_BUITests.swift */ = {isa = PBXFileReference; lastKnownFileType = sourcecode.swift; path = B_Y_O_BUITests.swift; sourceTree = "<group>"; };
		A59ED67122012DBA002E1F19 /* Info.plist */ = {isa = PBXFileReference; lastKnownFileType = text.plist.xml; path = Info.plist; sourceTree = "<group>"; };
/* End PBXFileReference section */

/* Begin PBXFrameworksBuildPhase section */
		A59ED64922012DB8002E1F19 /* Frameworks */ = {
			isa = PBXFrameworksBuildPhase;
			buildActionMask = 2147483647;
			files = (
			);
			runOnlyForDeploymentPostprocessing = 0;
		};
		A59ED65D22012DBA002E1F19 /* Frameworks */ = {
			isa = PBXFrameworksBuildPhase;
			buildActionMask = 2147483647;
			files = (
			);
			runOnlyForDeploymentPostprocessing = 0;
		};
		A59ED66822012DBA002E1F19 /* Frameworks */ = {
			isa = PBXFrameworksBuildPhase;
			buildActionMask = 2147483647;
			files = (
			);
			runOnlyForDeploymentPostprocessing = 0;
		};
/* End PBXFrameworksBuildPhase section */

/* Begin PBXGroup section */
		A559AE10220BDB4500154375 /* CutomizeMenu VC's */ = {
			isa = PBXGroup;
			children = (
				A559AE11220BDB6800154375 /* CustomCoffeeBase.swift */,
				A559AE13220CCC7300154375 /* CustomCoffeeMilks.swift */,
				A58109DD2210686D00B9922A /* CustomCoffeeSyrups.swift */,
				A5907432221364A60076E4A0 /* CustomCoffeeExtras.swift */,
			);
			path = "CutomizeMenu VC's";
			sourceTree = "<group>";
		};
		A59074342214E85B0076E4A0 /* BaristaPicks VC's */ = {
			isa = PBXGroup;
			children = (
				A59074352214E8770076E4A0 /* HotDrinksMenu.swift */,
				A59074372214E8870076E4A0 /* IcedDrinksMenu.swift */,
				A59074392214E8920076E4A0 /* TeasMenu.swift */,
			);
			path = "BaristaPicks VC's";
			sourceTree = "<group>";
		};
		A590743B22159EAA0076E4A0 /* Hot Drinks VC's  */ = {
			isa = PBXGroup;
			children = (
				A590743C22159EBF0076E4A0 /* HotMocha.swift */,
				A590743E22159ECF0076E4A0 /* HotSaltedCarramelMocha.swift */,
			);
			path = "Hot Drinks VC's ";
			sourceTree = "<group>";
		};
		A59074402216193F0076E4A0 /* Iced Drinks VC's */ = {
			isa = PBXGroup;
			children = (
				A5907441221619D80076E4A0 /* FrenchVanillaColdBrew.swift */,
				A5907443221619E50076E4A0 /* BlackAndWhiteMocha.swift */,
				A5907445221619EF0076E4A0 /* WhiteMocha.swift */,
				A590744722161A020076E4A0 /* IcedCaramelMacchiato.swift */,
				A590744922161A120076E4A0 /* DoubleShotOnIce.swift */,
				A590744B22161A2A0076E4A0 /* IcedPeppermintMocha.swift */,
				A590744D22161A370076E4A0 /* IcedCaramelCocoa.swift */,
			);
			path = "Iced Drinks VC's";
			sourceTree = "<group>";
		};
		A590744F2216F2D10076E4A0 /* Teas VC's */ = {
			isa = PBXGroup;
			children = (
				A59074522216F48C0076E4A0 /* GreenTeaLatte.swift */,
				A59074502216F47D0076E4A0 /* PinkDrink.swift */,
			);
			path = "Teas VC's";
			sourceTree = "<group>";
		};
		A59ED64322012DB7002E1F19 = {
			isa = PBXGroup;
			children = (
				A59ED64E22012DB8002E1F19 /* B.Y.O.B */,
				A59ED66322012DBA002E1F19 /* B.Y.O.BTests */,
				A59ED66E22012DBA002E1F19 /* B.Y.O.BUITests */,
				A59ED64D22012DB8002E1F19 /* Products */,
			);
			sourceTree = "<group>";
		};
		A59ED64D22012DB8002E1F19 /* Products */ = {
			isa = PBXGroup;
			children = (
				A59ED64C22012DB8002E1F19 /* B.Y.O.B.app */,
				A59ED66022012DBA002E1F19 /* B.Y.O.BTests.xctest */,
				A59ED66B22012DBA002E1F19 /* B.Y.O.BUITests.xctest */,
			);
			name = Products;
			sourceTree = "<group>";
		};
		A59ED64E22012DB8002E1F19 /* B.Y.O.B */ = {
			isa = PBXGroup;
			children = (
				A590744F2216F2D10076E4A0 /* Teas VC's */,
				A59074402216193F0076E4A0 /* Iced Drinks VC's */,
				A590743B22159EAA0076E4A0 /* Hot Drinks VC's  */,
				A59074342214E85B0076E4A0 /* BaristaPicks VC's */,
				A559AE10220BDB4500154375 /* CutomizeMenu VC's */,
				A53BB28E2208B51A00F5ADBB /* CustomTabBarController.swift */,
				A5EF55552201571D0010F10D /* Tab VC's */,
				A59ED64F22012DB8002E1F19 /* AppDelegate.swift */,
				A59ED65622012DBA002E1F19 /* Assets.xcassets */,
				A59ED65822012DBA002E1F19 /* LaunchScreen.storyboard */,
				A59ED65B22012DBA002E1F19 /* Info.plist */,
			);
			path = B.Y.O.B;
			sourceTree = "<group>";
		};
		A59ED66322012DBA002E1F19 /* B.Y.O.BTests */ = {
			isa = PBXGroup;
			children = (
				A59ED66422012DBA002E1F19 /* B_Y_O_BTests.swift */,
				A59ED66622012DBA002E1F19 /* Info.plist */,
			);
			path = B.Y.O.BTests;
			sourceTree = "<group>";
		};
		A59ED66E22012DBA002E1F19 /* B.Y.O.BUITests */ = {
			isa = PBXGroup;
			children = (
				A59ED66F22012DBA002E1F19 /* B_Y_O_BUITests.swift */,
				A59ED67122012DBA002E1F19 /* Info.plist */,
			);
			path = B.Y.O.BUITests;
			sourceTree = "<group>";
		};
		A5EF55552201571D0010F10D /* Tab VC's */ = {
			isa = PBXGroup;
			children = (
				A53BB2902208B61B00F5ADBB /* BaristaPicks.swift */,
				A53BB2922208BD2700F5ADBB /* Customize.swift */,
				A53BB2942208D51E00F5ADBB /* Favorites.swift */,
				A53BB2962208D55600F5ADBB /* AlexMoe.swift */,
			);
			path = "Tab VC's";
			sourceTree = "<group>";
		};
/* End PBXGroup section */

/* Begin PBXNativeTarget section */
		A59ED64B22012DB8002E1F19 /* B.Y.O.B */ = {
			isa = PBXNativeTarget;
			buildConfigurationList = A59ED67422012DBA002E1F19 /* Build configuration list for PBXNativeTarget "B.Y.O.B" */;
			buildPhases = (
				A59ED64822012DB8002E1F19 /* Sources */,
				A59ED64922012DB8002E1F19 /* Frameworks */,
				A59ED64A22012DB8002E1F19 /* Resources */,
			);
			buildRules = (
			);
			dependencies = (
			);
			name = B.Y.O.B;
			productName = B.Y.O.B;
			productReference = A59ED64C22012DB8002E1F19 /* B.Y.O.B.app */;
			productType = "com.apple.product-type.application";
		};
		A59ED65F22012DBA002E1F19 /* B.Y.O.BTests */ = {
			isa = PBXNativeTarget;
			buildConfigurationList = A59ED67722012DBA002E1F19 /* Build configuration list for PBXNativeTarget "B.Y.O.BTests" */;
			buildPhases = (
				A59ED65C22012DBA002E1F19 /* Sources */,
				A59ED65D22012DBA002E1F19 /* Frameworks */,
				A59ED65E22012DBA002E1F19 /* Resources */,
			);
			buildRules = (
			);
			dependencies = (
				A59ED66222012DBA002E1F19 /* PBXTargetDependency */,
			);
			name = B.Y.O.BTests;
			productName = B.Y.O.BTests;
			productReference = A59ED66022012DBA002E1F19 /* B.Y.O.BTests.xctest */;
			productType = "com.apple.product-type.bundle.unit-test";
		};
		A59ED66A22012DBA002E1F19 /* B.Y.O.BUITests */ = {
			isa = PBXNativeTarget;
			buildConfigurationList = A59ED67A22012DBA002E1F19 /* Build configuration list for PBXNativeTarget "B.Y.O.BUITests" */;
			buildPhases = (
				A59ED66722012DBA002E1F19 /* Sources */,
				A59ED66822012DBA002E1F19 /* Frameworks */,
				A59ED66922012DBA002E1F19 /* Resources */,
			);
			buildRules = (
			);
			dependencies = (
				A59ED66D22012DBA002E1F19 /* PBXTargetDependency */,
			);
			name = B.Y.O.BUITests;
			productName = B.Y.O.BUITests;
			productReference = A59ED66B22012DBA002E1F19 /* B.Y.O.BUITests.xctest */;
			productType = "com.apple.product-type.bundle.ui-testing";
		};
/* End PBXNativeTarget section */

/* Begin PBXProject section */
		A59ED64422012DB7002E1F19 /* Project object */ = {
			isa = PBXProject;
			attributes = {
				LastSwiftUpdateCheck = 1010;
				LastUpgradeCheck = 1010;
				ORGANIZATIONNAME = "Cearley Software";
				TargetAttributes = {
					A59ED64B22012DB8002E1F19 = {
						CreatedOnToolsVersion = 10.1;
					};
					A59ED65F22012DBA002E1F19 = {
						CreatedOnToolsVersion = 10.1;
						TestTargetID = A59ED64B22012DB8002E1F19;
					};
					A59ED66A22012DBA002E1F19 = {
						CreatedOnToolsVersion = 10.1;
						TestTargetID = A59ED64B22012DB8002E1F19;
					};
				};
			};
			buildConfigurationList = A59ED64722012DB7002E1F19 /* Build configuration list for PBXProject "B.Y.O.B" */;
			compatibilityVersion = "Xcode 9.3";
			developmentRegion = en;
			hasScannedForEncodings = 0;
			knownRegions = (
				en,
				Base,
			);
			mainGroup = A59ED64322012DB7002E1F19;
			productRefGroup = A59ED64D22012DB8002E1F19 /* Products */;
			projectDirPath = "";
			projectRoot = "";
			targets = (
				A59ED64B22012DB8002E1F19 /* B.Y.O.B */,
				A59ED65F22012DBA002E1F19 /* B.Y.O.BTests */,
				A59ED66A22012DBA002E1F19 /* B.Y.O.BUITests */,
			);
		};
/* End PBXProject section */

/* Begin PBXResourcesBuildPhase section */
		A59ED64A22012DB8002E1F19 /* Resources */ = {
			isa = PBXResourcesBuildPhase;
			buildActionMask = 2147483647;
			files = (
				A59ED65A22012DBA002E1F19 /* LaunchScreen.storyboard in Resources */,
				A59ED65722012DBA002E1F19 /* Assets.xcassets in Resources */,
			);
			runOnlyForDeploymentPostprocessing = 0;
		};
		A59ED65E22012DBA002E1F19 /* Resources */ = {
			isa = PBXResourcesBuildPhase;
			buildActionMask = 2147483647;
			files = (
			);
			runOnlyForDeploymentPostprocessing = 0;
		};
		A59ED66922012DBA002E1F19 /* Resources */ = {
			isa = PBXResourcesBuildPhase;
			buildActionMask = 2147483647;
			files = (
			);
			runOnlyForDeploymentPostprocessing = 0;
		};
/* End PBXResourcesBuildPhase section */

/* Begin PBXSourcesBuildPhase section */
		A59ED64822012DB8002E1F19 /* Sources */ = {
			isa = PBXSourcesBuildPhase;
			buildActionMask = 2147483647;
			files = (
				A53BB28F2208B51A00F5ADBB /* CustomTabBarController.swift in Sources */,
				A590743F22159ECF0076E4A0 /* HotSaltedCarramelMocha.swift in Sources */,
				A53BB2932208BD2700F5ADBB /* Customize.swift in Sources */,
				A59074532216F48C0076E4A0 /* GreenTeaLatte.swift in Sources */,
				A590744C22161A2A0076E4A0 /* IcedPeppermintMocha.swift in Sources */,
				A53BB2912208B61B00F5ADBB /* BaristaPicks.swift in Sources */,
				A59074362214E8770076E4A0 /* HotDrinksMenu.swift in Sources */,
				A5907442221619D80076E4A0 /* FrenchVanillaColdBrew.swift in Sources */,
				A590743D22159EBF0076E4A0 /* HotMocha.swift in Sources */,
				A59074512216F47D0076E4A0 /* PinkDrink.swift in Sources */,
				A5907433221364A60076E4A0 /* CustomCoffeeExtras.swift in Sources */,
				A53BB2972208D55600F5ADBB /* AlexMoe.swift in Sources */,
				A58109DE2210686D00B9922A /* CustomCoffeeSyrups.swift in Sources */,
				A590744822161A020076E4A0 /* IcedCaramelMacchiato.swift in Sources */,
				A590744A22161A120076E4A0 /* DoubleShotOnIce.swift in Sources */,
				A59074382214E8870076E4A0 /* IcedDrinksMenu.swift in Sources */,
				A53BB2952208D51E00F5ADBB /* Favorites.swift in Sources */,
				A5907444221619E50076E4A0 /* BlackAndWhiteMocha.swift in Sources */,
				A559AE14220CCC7300154375 /* CustomCoffeeMilks.swift in Sources */,
				A590743A2214E8920076E4A0 /* TeasMenu.swift in Sources */,
				A559AE12220BDB6800154375 /* CustomCoffeeBase.swift in Sources */,
				A5907446221619EF0076E4A0 /* WhiteMocha.swift in Sources */,
				A590744E22161A370076E4A0 /* IcedCaramelCocoa.swift in Sources */,
				A59ED65022012DB8002E1F19 /* AppDelegate.swift in Sources */,
			);
			runOnlyForDeploymentPostprocessing = 0;
		};
		A59ED65C22012DBA002E1F19 /* Sources */ = {
			isa = PBXSourcesBuildPhase;
			buildActionMask = 2147483647;
			files = (
				A59ED66522012DBA002E1F19 /* B_Y_O_BTests.swift in Sources */,
			);
			runOnlyForDeploymentPostprocessing = 0;
		};
		A59ED66722012DBA002E1F19 /* Sources */ = {
			isa = PBXSourcesBuildPhase;
			buildActionMask = 2147483647;
			files = (
				A59ED67022012DBA002E1F19 /* B_Y_O_BUITests.swift in Sources */,
			);
			runOnlyForDeploymentPostprocessing = 0;
		};
/* End PBXSourcesBuildPhase section */

/* Begin PBXTargetDependency section */
		A59ED66222012DBA002E1F19 /* PBXTargetDependency */ = {
			isa = PBXTargetDependency;
			target = A59ED64B22012DB8002E1F19 /* B.Y.O.B */;
			targetProxy = A59ED66122012DBA002E1F19 /* PBXContainerItemProxy */;
		};
		A59ED66D22012DBA002E1F19 /* PBXTargetDependency */ = {
			isa = PBXTargetDependency;
			target = A59ED64B22012DB8002E1F19 /* B.Y.O.B */;
			targetProxy = A59ED66C22012DBA002E1F19 /* PBXContainerItemProxy */;
		};
/* End PBXTargetDependency section */

/* Begin PBXVariantGroup section */
		A59ED65822012DBA002E1F19 /* LaunchScreen.storyboard */ = {
			isa = PBXVariantGroup;
			children = (
				A59ED65922012DBA002E1F19 /* Base */,
			);
			name = LaunchScreen.storyboard;
			sourceTree = "<group>";
		};
/* End PBXVariantGroup section */

/* Begin XCBuildConfiguration section */
		A59ED67222012DBA002E1F19 /* Debug */ = {
			isa = XCBuildConfiguration;
			buildSettings = {
				ALWAYS_SEARCH_USER_PATHS = NO;
				CLANG_ANALYZER_NONNULL = YES;
				CLANG_ANALYZER_NUMBER_OBJECT_CONVERSION = YES_AGGRESSIVE;
				CLANG_CXX_LANGUAGE_STANDARD = "gnu++14";
				CLANG_CXX_LIBRARY = "libc++";
				CLANG_ENABLE_MODULES = YES;
				CLANG_ENABLE_OBJC_ARC = YES;
				CLANG_ENABLE_OBJC_WEAK = YES;
				CLANG_WARN_BLOCK_CAPTURE_AUTORELEASING = YES;
				CLANG_WARN_BOOL_CONVERSION = YES;
				CLANG_WARN_COMMA = YES;
				CLANG_WARN_CONSTANT_CONVERSION = YES;
				CLANG_WARN_DEPRECATED_OBJC_IMPLEMENTATIONS = YES;
				CLANG_WARN_DIRECT_OBJC_ISA_USAGE = YES_ERROR;
				CLANG_WARN_DOCUMENTATION_COMMENTS = YES;
				CLANG_WARN_EMPTY_BODY = YES;
				CLANG_WARN_ENUM_CONVERSION = YES;
				CLANG_WARN_INFINITE_RECURSION = YES;
				CLANG_WARN_INT_CONVERSION = YES;
				CLANG_WARN_NON_LITERAL_NULL_CONVERSION = YES;
				CLANG_WARN_OBJC_IMPLICIT_RETAIN_SELF = YES;
				CLANG_WARN_OBJC_LITERAL_CONVERSION = YES;
				CLANG_WARN_OBJC_ROOT_CLASS = YES_ERROR;
				CLANG_WARN_RANGE_LOOP_ANALYSIS = YES;
				CLANG_WARN_STRICT_PROTOTYPES = YES;
				CLANG_WARN_SUSPICIOUS_MOVE = YES;
				CLANG_WARN_UNGUARDED_AVAILABILITY = YES_AGGRESSIVE;
				CLANG_WARN_UNREACHABLE_CODE = YES;
				CLANG_WARN__DUPLICATE_METHOD_MATCH = YES;
				CODE_SIGN_IDENTITY = "iPhone Developer";
				COPY_PHASE_STRIP = NO;
				DEBUG_INFORMATION_FORMAT = dwarf;
				ENABLE_STRICT_OBJC_MSGSEND = YES;
				ENABLE_TESTABILITY = YES;
				GCC_C_LANGUAGE_STANDARD = gnu11;
				GCC_DYNAMIC_NO_PIC = NO;
				GCC_NO_COMMON_BLOCKS = YES;
				GCC_OPTIMIZATION_LEVEL = 0;
				GCC_PREPROCESSOR_DEFINITIONS = (
					"DEBUG=1",
					"$(inherited)",
				);
				GCC_WARN_64_TO_32_BIT_CONVERSION = YES;
				GCC_WARN_ABOUT_RETURN_TYPE = YES_ERROR;
				GCC_WARN_UNDECLARED_SELECTOR = YES;
				GCC_WARN_UNINITIALIZED_AUTOS = YES_AGGRESSIVE;
				GCC_WARN_UNUSED_FUNCTION = YES;
				GCC_WARN_UNUSED_VARIABLE = YES;
				IPHONEOS_DEPLOYMENT_TARGET = 12.1;
				MTL_ENABLE_DEBUG_INFO = INCLUDE_SOURCE;
				MTL_FAST_MATH = YES;
				ONLY_ACTIVE_ARCH = YES;
				SDKROOT = iphoneos;
				SWIFT_ACTIVE_COMPILATION_CONDITIONS = DEBUG;
				SWIFT_OPTIMIZATION_LEVEL = "-Onone";
			};
			name = Debug;
		};
		A59ED67322012DBA002E1F19 /* Release */ = {
			isa = XCBuildConfiguration;
			buildSettings = {
				ALWAYS_SEARCH_USER_PATHS = NO;
				CLANG_ANALYZER_NONNULL = YES;
				CLANG_ANALYZER_NUMBER_OBJECT_CONVERSION = YES_AGGRESSIVE;
				CLANG_CXX_LANGUAGE_STANDARD = "gnu++14";
				CLANG_CXX_LIBRARY = "libc++";
				CLANG_ENABLE_MODULES = YES;
				CLANG_ENABLE_OBJC_ARC = YES;
				CLANG_ENABLE_OBJC_WEAK = YES;
				CLANG_WARN_BLOCK_CAPTURE_AUTORELEASING = YES;
				CLANG_WARN_BOOL_CONVERSION = YES;
				CLANG_WARN_COMMA = YES;
				CLANG_WARN_CONSTANT_CONVERSION = YES;
				CLANG_WARN_DEPRECATED_OBJC_IMPLEMENTATIONS = YES;
				CLANG_WARN_DIRECT_OBJC_ISA_USAGE = YES_ERROR;
				CLANG_WARN_DOCUMENTATION_COMMENTS = YES;
				CLANG_WARN_EMPTY_BODY = YES;
				CLANG_WARN_ENUM_CONVERSION = YES;
				CLANG_WARN_INFINITE_RECURSION = YES;
				CLANG_WARN_INT_CONVERSION = YES;
				CLANG_WARN_NON_LITERAL_NULL_CONVERSION = YES;
				CLANG_WARN_OBJC_IMPLICIT_RETAIN_SELF = YES;
				CLANG_WARN_OBJC_LITERAL_CONVERSION = YES;
				CLANG_WARN_OBJC_ROOT_CLASS = YES_ERROR;
				CLANG_WARN_RANGE_LOOP_ANALYSIS = YES;
				CLANG_WARN_STRICT_PROTOTYPES = YES;
				CLANG_WARN_SUSPICIOUS_MOVE = YES;
				CLANG_WARN_UNGUARDED_AVAILABILITY = YES_AGGRESSIVE;
				CLANG_WARN_UNREACHABLE_CODE = YES;
				CLANG_WARN__DUPLICATE_METHOD_MATCH = YES;
				CODE_SIGN_IDENTITY = "iPhone Developer";
				COPY_PHASE_STRIP = NO;
				DEBUG_INFORMATION_FORMAT = "dwarf-with-dsym";
				ENABLE_NS_ASSERTIONS = NO;
				ENABLE_STRICT_OBJC_MSGSEND = YES;
				GCC_C_LANGUAGE_STANDARD = gnu11;
				GCC_NO_COMMON_BLOCKS = YES;
				GCC_WARN_64_TO_32_BIT_CONVERSION = YES;
				GCC_WARN_ABOUT_RETURN_TYPE = YES_ERROR;
				GCC_WARN_UNDECLARED_SELECTOR = YES;
				GCC_WARN_UNINITIALIZED_AUTOS = YES_AGGRESSIVE;
				GCC_WARN_UNUSED_FUNCTION = YES;
				GCC_WARN_UNUSED_VARIABLE = YES;
				IPHONEOS_DEPLOYMENT_TARGET = 12.1;
				MTL_ENABLE_DEBUG_INFO = NO;
				MTL_FAST_MATH = YES;
				SDKROOT = iphoneos;
				SWIFT_COMPILATION_MODE = wholemodule;
				SWIFT_OPTIMIZATION_LEVEL = "-O";
				VALIDATE_PRODUCT = YES;
			};
			name = Release;
		};
		A59ED67522012DBA002E1F19 /* Debug */ = {
			isa = XCBuildConfiguration;
			buildSettings = {
				ASSETCATALOG_COMPILER_APPICON_NAME = AppIcon;
				CODE_SIGN_STYLE = Automatic;
				DEVELOPMENT_TEAM = 4BH5KRFJ6A;
				INFOPLIST_FILE = B.Y.O.B/Info.plist;
				IPHONEOS_DEPLOYMENT_TARGET = 11.0;
				LD_RUNPATH_SEARCH_PATHS = (
					"$(inherited)",
					"@executable_path/Frameworks",
				);
				PRODUCT_BUNDLE_IDENTIFIER = CearleyPrograms.BYOB;
				PRODUCT_NAME = "$(TARGET_NAME)";
				SWIFT_VERSION = 4.2;
				TARGETED_DEVICE_FAMILY = 1;
			};
			name = Debug;
		};
		A59ED67622012DBA002E1F19 /* Release */ = {
			isa = XCBuildConfiguration;
			buildSettings = {
				ASSETCATALOG_COMPILER_APPICON_NAME = AppIcon;
				CODE_SIGN_STYLE = Automatic;
				DEVELOPMENT_TEAM = 4BH5KRFJ6A;
				INFOPLIST_FILE = B.Y.O.B/Info.plist;
				IPHONEOS_DEPLOYMENT_TARGET = 11.0;
				LD_RUNPATH_SEARCH_PATHS = (
					"$(inherited)",
					"@executable_path/Frameworks",
				);
				PRODUCT_BUNDLE_IDENTIFIER = CearleyPrograms.BYOB;
				PRODUCT_NAME = "$(TARGET_NAME)";
				SWIFT_VERSION = 4.2;
				TARGETED_DEVICE_FAMILY = 1;
			};
			name = Release;
		};
		A59ED67822012DBA002E1F19 /* Debug */ = {
			isa = XCBuildConfiguration;
			buildSettings = {
				ALWAYS_EMBED_SWIFT_STANDARD_LIBRARIES = YES;
				BUNDLE_LOADER = "$(TEST_HOST)";
				CODE_SIGN_STYLE = Automatic;
				DEVELOPMENT_TEAM = 4BH5KRFJ6A;
				INFOPLIST_FILE = B.Y.O.BTests/Info.plist;
				LD_RUNPATH_SEARCH_PATHS = (
					"$(inherited)",
					"@executable_path/Frameworks",
					"@loader_path/Frameworks",
				);
				PRODUCT_BUNDLE_IDENTIFIER = "CearleySoftware.B-Y-O-BTests";
				PRODUCT_NAME = "$(TARGET_NAME)";
				SWIFT_VERSION = 4.2;
				TARGETED_DEVICE_FAMILY = "1,2";
				TEST_HOST = "$(BUILT_PRODUCTS_DIR)/B.Y.O.B.app/B.Y.O.B";
			};
			name = Debug;
		};
		A59ED67922012DBA002E1F19 /* Release */ = {
			isa = XCBuildConfiguration;
			buildSettings = {
				ALWAYS_EMBED_SWIFT_STANDARD_LIBRARIES = YES;
				BUNDLE_LOADER = "$(TEST_HOST)";
				CODE_SIGN_STYLE = Automatic;
				DEVELOPMENT_TEAM = 4BH5KRFJ6A;
				INFOPLIST_FILE = B.Y.O.BTests/Info.plist;
				LD_RUNPATH_SEARCH_PATHS = (
					"$(inherited)",
					"@executable_path/Frameworks",
					"@loader_path/Frameworks",
				);
				PRODUCT_BUNDLE_IDENTIFIER = "CearleySoftware.B-Y-O-BTests";
				PRODUCT_NAME = "$(TARGET_NAME)";
				SWIFT_VERSION = 4.2;
				TARGETED_DEVICE_FAMILY = "1,2";
				TEST_HOST = "$(BUILT_PRODUCTS_DIR)/B.Y.O.B.app/B.Y.O.B";
			};
			name = Release;
		};
		A59ED67B22012DBA002E1F19 /* Debug */ = {
			isa = XCBuildConfiguration;
			buildSettings = {
				ALWAYS_EMBED_SWIFT_STANDARD_LIBRARIES = YES;
				CODE_SIGN_STYLE = Automatic;
				DEVELOPMENT_TEAM = 4BH5KRFJ6A;
				INFOPLIST_FILE = B.Y.O.BUITests/Info.plist;
				LD_RUNPATH_SEARCH_PATHS = (
					"$(inherited)",
					"@executable_path/Frameworks",
					"@loader_path/Frameworks",
				);
				PRODUCT_BUNDLE_IDENTIFIER = "CearleySoftware.B-Y-O-BUITests";
				PRODUCT_NAME = "$(TARGET_NAME)";
				SWIFT_VERSION = 4.2;
				TARGETED_DEVICE_FAMILY = "1,2";
				TEST_TARGET_NAME = B.Y.O.B;
			};
			name = Debug;
		};
		A59ED67C22012DBA002E1F19 /* Release */ = {
			isa = XCBuildConfiguration;
			buildSettings = {
				ALWAYS_EMBED_SWIFT_STANDARD_LIBRARIES = YES;
				CODE_SIGN_STYLE = Automatic;
				DEVELOPMENT_TEAM = 4BH5KRFJ6A;
				INFOPLIST_FILE = B.Y.O.BUITests/Info.plist;
				LD_RUNPATH_SEARCH_PATHS = (
					"$(inherited)",
					"@executable_path/Frameworks",
					"@loader_path/Frameworks",
				);
				PRODUCT_BUNDLE_IDENTIFIER = "CearleySoftware.B-Y-O-BUITests";
				PRODUCT_NAME = "$(TARGET_NAME)";
				SWIFT_VERSION = 4.2;
				TARGETED_DEVICE_FAMILY = "1,2";
				TEST_TARGET_NAME = B.Y.O.B;
			};
			name = Release;
		};
/* End XCBuildConfiguration section */

/* Begin XCConfigurationList section */
		A59ED64722012DB7002E1F19 /* Build configuration list for PBXProject "B.Y.O.B" */ = {
			isa = XCConfigurationList;
			buildConfigurations = (
				A59ED67222012DBA002E1F19 /* Debug */,
				A59ED67322012DBA002E1F19 /* Release */,
			);
			defaultConfigurationIsVisible = 0;
			defaultConfigurationName = Release;
		};
		A59ED67422012DBA002E1F19 /* Build configuration list for PBXNativeTarget "B.Y.O.B" */ = {
			isa = XCConfigurationList;
			buildConfigurations = (
				A59ED67522012DBA002E1F19 /* Debug */,
				A59ED67622012DBA002E1F19 /* Release */,
			);
			defaultConfigurationIsVisible = 0;
			defaultConfigurationName = Release;
		};
		A59ED67722012DBA002E1F19 /* Build configuration list for PBXNativeTarget "B.Y.O.BTests" */ = {
			isa = XCConfigurationList;
			buildConfigurations = (
				A59ED67822012DBA002E1F19 /* Debug */,
				A59ED67922012DBA002E1F19 /* Release */,
			);
			defaultConfigurationIsVisible = 0;
			defaultConfigurationName = Release;
		};
		A59ED67A22012DBA002E1F19 /* Build configuration list for PBXNativeTarget "B.Y.O.BUITests" */ = {
			isa = XCConfigurationList;
			buildConfigurations = (
				A59ED67B22012DBA002E1F19 /* Debug */,
				A59ED67C22012DBA002E1F19 /* Release */,
			);
			defaultConfigurationIsVisible = 0;
			defaultConfigurationName = Release;
		};
/* End XCConfigurationList section */
	};
	rootObject = A59ED64422012DB7002E1F19 /* Project object */;
}
